// !$*UTF8*$!
{
	archiveVersion = 1;
	classes = {
	};
	objectVersion = 55;
	objects = {

/* Begin PBXBuildFile section */
		DF0CF7212795B47C000F0CB8 /* BadgeSymbol.swift in Sources */ = {isa = PBXBuildFile; fileRef = DF0CF7202795B47C000F0CB8 /* BadgeSymbol.swift */; };
		DF0CF7232795B727000F0CB8 /* RotatedBadgeSymbol.swift in Sources */ = {isa = PBXBuildFile; fileRef = DF0CF7222795B727000F0CB8 /* RotatedBadgeSymbol.swift */; };
		DF0CF7252795B86D000F0CB8 /* Badge.swift in Sources */ = {isa = PBXBuildFile; fileRef = DF0CF7242795B86D000F0CB8 /* Badge.swift */; };
		DF0CF7282795BF55000F0CB8 /* hikeData.json in Resources */ = {isa = PBXBuildFile; fileRef = DF0CF7272795BF55000F0CB8 /* hikeData.json */; };
		DF0CF72A2795CCA8000F0CB8 /* Hike.swift in Sources */ = {isa = PBXBuildFile; fileRef = DF0CF7292795CCA8000F0CB8 /* Hike.swift */; };
		DF0CF7332795D2AB000F0CB8 /* GraphCapsule.swift in Sources */ = {isa = PBXBuildFile; fileRef = DF0CF72F2795D2AB000F0CB8 /* GraphCapsule.swift */; };
		DF0CF7342795D2AB000F0CB8 /* HikeGraph.swift in Sources */ = {isa = PBXBuildFile; fileRef = DF0CF7302795D2AB000F0CB8 /* HikeGraph.swift */; };
		DF0CF7352795D2AB000F0CB8 /* HikeDetail.swift in Sources */ = {isa = PBXBuildFile; fileRef = DF0CF7312795D2AB000F0CB8 /* HikeDetail.swift */; };
		DF0CF7362795D2AB000F0CB8 /* HikeView.swift in Sources */ = {isa = PBXBuildFile; fileRef = DF0CF7322795D2AB000F0CB8 /* HikeView.swift */; };
		DF0CF7392795F529000F0CB8 /* CategoryHome.swift in Sources */ = {isa = PBXBuildFile; fileRef = DF0CF7382795F529000F0CB8 /* CategoryHome.swift */; };
		DF255DE5279ED9F2003B0293 /* MacLandmarksApp.swift in Sources */ = {isa = PBXBuildFile; fileRef = DF255DE4279ED9F2003B0293 /* MacLandmarksApp.swift */; };
		DF255DE7279ED9F2003B0293 /* ContentView.swift in Sources */ = {isa = PBXBuildFile; fileRef = DF255DE6279ED9F2003B0293 /* ContentView.swift */; };
		DF255DE9279ED9F4003B0293 /* Assets.xcassets in Resources */ = {isa = PBXBuildFile; fileRef = DF255DE8279ED9F4003B0293 /* Assets.xcassets */; };
		DF255DEC279ED9F4003B0293 /* Preview Assets.xcassets in Resources */ = {isa = PBXBuildFile; fileRef = DF255DEB279ED9F4003B0293 /* Preview Assets.xcassets */; };
		DF255DF7279ED9F4003B0293 /* MacLandmarksTests.swift in Sources */ = {isa = PBXBuildFile; fileRef = DF255DF6279ED9F4003B0293 /* MacLandmarksTests.swift */; };
		DF255E01279ED9F4003B0293 /* MacLandmarksUITests.swift in Sources */ = {isa = PBXBuildFile; fileRef = DF255E00279ED9F4003B0293 /* MacLandmarksUITests.swift */; };
		DF255E03279ED9F4003B0293 /* MacLandmarksUITestsLaunchTests.swift in Sources */ = {isa = PBXBuildFile; fileRef = DF255E02279ED9F4003B0293 /* MacLandmarksUITestsLaunchTests.swift */; };
		DF48D9FC279B52AC000A310C /* ProfileEditor.swift in Sources */ = {isa = PBXBuildFile; fileRef = DF48D9FB279B52AC000A310C /* ProfileEditor.swift */; };
		DF48D9FF279C47FA000A310C /* PageViewController.swift in Sources */ = {isa = PBXBuildFile; fileRef = DF48D9FE279C47FA000A310C /* PageViewController.swift */; };
		DF48DA01279C4F25000A310C /* FeatureCard.swift in Sources */ = {isa = PBXBuildFile; fileRef = DF48DA00279C4F25000A310C /* FeatureCard.swift */; };
		DF48DA03279C535B000A310C /* PageView.swift in Sources */ = {isa = PBXBuildFile; fileRef = DF48DA02279C535B000A310C /* PageView.swift */; };
		DF48DA07279DC289000A310C /* PageControl.swift in Sources */ = {isa = PBXBuildFile; fileRef = DF48DA06279DC289000A310C /* PageControl.swift */; };
		DF48DA0D279DCF67000A310C /* Assets.xcassets in Resources */ = {isa = PBXBuildFile; fileRef = DF48DA0C279DCF67000A310C /* Assets.xcassets */; };
		DF48DA13279DCF68000A310C /* WatchLandmarks WatchKit Extension.appex in Embed App Extensions */ = {isa = PBXBuildFile; fileRef = DF48DA12279DCF68000A310C /* WatchLandmarks WatchKit Extension.appex */; settings = {ATTRIBUTES = (RemoveHeadersOnCopy, ); }; };
		DF48DA1A279DCF68000A310C /* ContentView.swift in Sources */ = {isa = PBXBuildFile; fileRef = DF48DA19279DCF68000A310C /* ContentView.swift */; };
		DF48DA1C279DCF68000A310C /* NotificationController.swift in Sources */ = {isa = PBXBuildFile; fileRef = DF48DA1B279DCF68000A310C /* NotificationController.swift */; };
		DF48DA1E279DCF68000A310C /* NotificationView.swift in Sources */ = {isa = PBXBuildFile; fileRef = DF48DA1D279DCF68000A310C /* NotificationView.swift */; };
		DF48DA20279DCF68000A310C /* ComplicationController.swift in Sources */ = {isa = PBXBuildFile; fileRef = DF48DA1F279DCF68000A310C /* ComplicationController.swift */; };
		DF48DA22279DCF69000A310C /* Assets.xcassets in Resources */ = {isa = PBXBuildFile; fileRef = DF48DA21279DCF69000A310C /* Assets.xcassets */; };
		DF48DA25279DCF69000A310C /* Preview Assets.xcassets in Resources */ = {isa = PBXBuildFile; fileRef = DF48DA24279DCF69000A310C /* Preview Assets.xcassets */; };
		DF48DA31279DCF69000A310C /* WatchLandmarksTests.swift in Sources */ = {isa = PBXBuildFile; fileRef = DF48DA30279DCF69000A310C /* WatchLandmarksTests.swift */; };
		DF48DA3B279DCF69000A310C /* WatchLandmarksUITests.swift in Sources */ = {isa = PBXBuildFile; fileRef = DF48DA3A279DCF69000A310C /* WatchLandmarksUITests.swift */; };
		DF48DA3D279DCF69000A310C /* WatchLandmarksUITestsLaunchTests.swift in Sources */ = {isa = PBXBuildFile; fileRef = DF48DA3C279DCF69000A310C /* WatchLandmarksUITestsLaunchTests.swift */; };
		DF48DA40279DCF69000A310C /* WatchLandmarks.app in Embed Watch Content */ = {isa = PBXBuildFile; fileRef = DF48DA0A279DCF66000A310C /* WatchLandmarks.app */; settings = {ATTRIBUTES = (RemoveHeadersOnCopy, ); }; };
		DF48DA4F279EAF8E000A310C /* LandmarksApp.swift in Sources */ = {isa = PBXBuildFile; fileRef = DFF427E1278CBC3B00D580E0 /* LandmarksApp.swift */; };
		DF48DA50279EAF8E000A310C /* hikeData.json in Resources */ = {isa = PBXBuildFile; fileRef = DF0CF7272795BF55000F0CB8 /* hikeData.json */; };
		DF48DA51279EAF8E000A310C /* CircleImage.swift in Sources */ = {isa = PBXBuildFile; fileRef = DFF4280D278CC72100D580E0 /* CircleImage.swift */; };
		DF48DA52279EAF8E000A310C /* Hike.swift in Sources */ = {isa = PBXBuildFile; fileRef = DF0CF7292795CCA8000F0CB8 /* Hike.swift */; };
		DF48DA53279EAF8E000A310C /* Landmark.swift in Sources */ = {isa = PBXBuildFile; fileRef = DFF4281A278E1E3900D580E0 /* Landmark.swift */; };
		DF48DA54279EAF8E000A310C /* LandmarkRow.swift in Sources */ = {isa = PBXBuildFile; fileRef = DFF4281E278E27A000D580E0 /* LandmarkRow.swift */; };
		DF48DA55279EAF8E000A310C /* LandmarkList.swift in Sources */ = {isa = PBXBuildFile; fileRef = DFF42822278E2B7800D580E0 /* LandmarkList.swift */; };
		DF48DA56279EAF8E000A310C /* ModelData.swift in Sources */ = {isa = PBXBuildFile; fileRef = DFF4281C278E245200D580E0 /* ModelData.swift */; };
		DF48DA57279EAF8E000A310C /* Profile.swift in Sources */ = {isa = PBXBuildFile; fileRef = DFD26062279754EF00A15812 /* Profile.swift */; };
		DF48DA58279EAF8E000A310C /* MapView.swift in Sources */ = {isa = PBXBuildFile; fileRef = DFF4280F278CC9EF00D580E0 /* MapView.swift */; };
		DF48DA59279EAF8E000A310C /* landmarkData.json in Resources */ = {isa = PBXBuildFile; fileRef = DFF42816278E1D6C00D580E0 /* landmarkData.json */; };
		DF48DA5A279EAF8E000A310C /* Assets.xcassets in Resources */ = {isa = PBXBuildFile; fileRef = DFF427E5278CBC3C00D580E0 /* Assets.xcassets */; };
		DF48DA5C279EB43D000A310C /* LandmarkDetail.swift in Sources */ = {isa = PBXBuildFile; fileRef = DF48DA5B279EB43D000A310C /* LandmarkDetail.swift */; };
		DF51C9782795A46100099629 /* HexagonParameters.swift in Sources */ = {isa = PBXBuildFile; fileRef = DF51C9772795A46100099629 /* HexagonParameters.swift */; };
		DF51C97A2795A68300099629 /* BadgeBackground.swift in Sources */ = {isa = PBXBuildFile; fileRef = DF51C9792795A68300099629 /* BadgeBackground.swift */; };
		DF817BD327958C3C00B12719 /* FavoriteButton.swift in Sources */ = {isa = PBXBuildFile; fileRef = DF817BD227958C3C00B12719 /* FavoriteButton.swift */; };
		DFD2605F2795FF4C00A15812 /* CategoryRow.swift in Sources */ = {isa = PBXBuildFile; fileRef = DFD2605E2795FF4C00A15812 /* CategoryRow.swift */; };
		DFD260612796044000A15812 /* CategoryItem.swift in Sources */ = {isa = PBXBuildFile; fileRef = DFD260602796044000A15812 /* CategoryItem.swift */; };
		DFD26063279754EF00A15812 /* Profile.swift in Sources */ = {isa = PBXBuildFile; fileRef = DFD26062279754EF00A15812 /* Profile.swift */; };
		DFD260662797567600A15812 /* ProfileHost.swift in Sources */ = {isa = PBXBuildFile; fileRef = DFD260652797567600A15812 /* ProfileHost.swift */; };
		DFD260682797578300A15812 /* ProfileSummary.swift in Sources */ = {isa = PBXBuildFile; fileRef = DFD260672797578300A15812 /* ProfileSummary.swift */; };
		DFD2606A2797589900A15812 /* HikeBadge.swift in Sources */ = {isa = PBXBuildFile; fileRef = DFD260692797589900A15812 /* HikeBadge.swift */; };
		DFF427E2278CBC3B00D580E0 /* LandmarksApp.swift in Sources */ = {isa = PBXBuildFile; fileRef = DFF427E1278CBC3B00D580E0 /* LandmarksApp.swift */; };
		DFF427E4278CBC3B00D580E0 /* ContentView.swift in Sources */ = {isa = PBXBuildFile; fileRef = DFF427E3278CBC3B00D580E0 /* ContentView.swift */; };
		DFF427E6278CBC3C00D580E0 /* Assets.xcassets in Resources */ = {isa = PBXBuildFile; fileRef = DFF427E5278CBC3C00D580E0 /* Assets.xcassets */; };
		DFF427E9278CBC3C00D580E0 /* Preview Assets.xcassets in Resources */ = {isa = PBXBuildFile; fileRef = DFF427E8278CBC3C00D580E0 /* Preview Assets.xcassets */; };
		DFF427F3278CBC3D00D580E0 /* LandmarksTests.swift in Sources */ = {isa = PBXBuildFile; fileRef = DFF427F2278CBC3D00D580E0 /* LandmarksTests.swift */; };
		DFF427FD278CBC3D00D580E0 /* LandmarksUITests.swift in Sources */ = {isa = PBXBuildFile; fileRef = DFF427FC278CBC3D00D580E0 /* LandmarksUITests.swift */; };
		DFF427FF278CBC3D00D580E0 /* LandmarksUITestsLaunchTests.swift in Sources */ = {isa = PBXBuildFile; fileRef = DFF427FE278CBC3D00D580E0 /* LandmarksUITestsLaunchTests.swift */; };
		DFF4280E278CC72100D580E0 /* CircleImage.swift in Sources */ = {isa = PBXBuildFile; fileRef = DFF4280D278CC72100D580E0 /* CircleImage.swift */; };
		DFF42810278CC9EF00D580E0 /* MapView.swift in Sources */ = {isa = PBXBuildFile; fileRef = DFF4280F278CC9EF00D580E0 /* MapView.swift */; };
		DFF42817278E1D6C00D580E0 /* landmarkData.json in Resources */ = {isa = PBXBuildFile; fileRef = DFF42816278E1D6C00D580E0 /* landmarkData.json */; };
		DFF4281B278E1E3900D580E0 /* Landmark.swift in Sources */ = {isa = PBXBuildFile; fileRef = DFF4281A278E1E3900D580E0 /* Landmark.swift */; };
		DFF4281D278E245200D580E0 /* ModelData.swift in Sources */ = {isa = PBXBuildFile; fileRef = DFF4281C278E245200D580E0 /* ModelData.swift */; };
		DFF4281F278E27A000D580E0 /* LandmarkRow.swift in Sources */ = {isa = PBXBuildFile; fileRef = DFF4281E278E27A000D580E0 /* LandmarkRow.swift */; };
		DFF42823278E2B7800D580E0 /* LandmarkList.swift in Sources */ = {isa = PBXBuildFile; fileRef = DFF42822278E2B7800D580E0 /* LandmarkList.swift */; };
		DFF42825278F7CEA00D580E0 /* LandmarkDetail.swift in Sources */ = {isa = PBXBuildFile; fileRef = DFF42824278F7CEA00D580E0 /* LandmarkDetail.swift */; };
/* End PBXBuildFile section */

/* Begin PBXContainerItemProxy section */
		DF255DF3279ED9F4003B0293 /* PBXContainerItemProxy */ = {
			isa = PBXContainerItemProxy;
			containerPortal = DFF427D6278CBC3B00D580E0 /* Project object */;
			proxyType = 1;
			remoteGlobalIDString = DF255DE1279ED9F2003B0293;
			remoteInfo = MacLandmarks;
		};
		DF255DFD279ED9F4003B0293 /* PBXContainerItemProxy */ = {
			isa = PBXContainerItemProxy;
			containerPortal = DFF427D6278CBC3B00D580E0 /* Project object */;
			proxyType = 1;
			remoteGlobalIDString = DF255DE1279ED9F2003B0293;
			remoteInfo = MacLandmarks;
		};
		DF48DA14279DCF68000A310C /* PBXContainerItemProxy */ = {
			isa = PBXContainerItemProxy;
			containerPortal = DFF427D6278CBC3B00D580E0 /* Project object */;
			proxyType = 1;
			remoteGlobalIDString = DF48DA11279DCF68000A310C;
			remoteInfo = "WatchLandmarks WatchKit Extension";
		};
		DF48DA2D279DCF69000A310C /* PBXContainerItemProxy */ = {
			isa = PBXContainerItemProxy;
			containerPortal = DFF427D6278CBC3B00D580E0 /* Project object */;
			proxyType = 1;
			remoteGlobalIDString = DF48DA11279DCF68000A310C;
			remoteInfo = "WatchLandmarks WatchKit Extension";
		};
		DF48DA37279DCF69000A310C /* PBXContainerItemProxy */ = {
			isa = PBXContainerItemProxy;
			containerPortal = DFF427D6278CBC3B00D580E0 /* Project object */;
			proxyType = 1;
			remoteGlobalIDString = DF48DA09279DCF66000A310C;
			remoteInfo = WatchLandmarks;
		};
		DF48DA3E279DCF69000A310C /* PBXContainerItemProxy */ = {
			isa = PBXContainerItemProxy;
			containerPortal = DFF427D6278CBC3B00D580E0 /* Project object */;
			proxyType = 1;
			remoteGlobalIDString = DF48DA09279DCF66000A310C;
			remoteInfo = WatchLandmarks;
		};
		DFF427EF278CBC3D00D580E0 /* PBXContainerItemProxy */ = {
			isa = PBXContainerItemProxy;
			containerPortal = DFF427D6278CBC3B00D580E0 /* Project object */;
			proxyType = 1;
			remoteGlobalIDString = DFF427DD278CBC3B00D580E0;
			remoteInfo = Landmarks;
		};
		DFF427F9278CBC3D00D580E0 /* PBXContainerItemProxy */ = {
			isa = PBXContainerItemProxy;
			containerPortal = DFF427D6278CBC3B00D580E0 /* Project object */;
			proxyType = 1;
			remoteGlobalIDString = DFF427DD278CBC3B00D580E0;
			remoteInfo = Landmarks;
		};
/* End PBXContainerItemProxy section */

/* Begin PBXCopyFilesBuildPhase section */
		DF48DA44279DCF69000A310C /* Embed App Extensions */ = {
			isa = PBXCopyFilesBuildPhase;
			buildActionMask = 2147483647;
			dstPath = "";
			dstSubfolderSpec = 13;
			files = (
				DF48DA13279DCF68000A310C /* WatchLandmarks WatchKit Extension.appex in Embed App Extensions */,
			);
			name = "Embed App Extensions";
			runOnlyForDeploymentPostprocessing = 0;
		};
		DF48DA48279DCF69000A310C /* Embed Watch Content */ = {
			isa = PBXCopyFilesBuildPhase;
			buildActionMask = 2147483647;
			dstPath = "$(CONTENTS_FOLDER_PATH)/Watch";
			dstSubfolderSpec = 16;
			files = (
				DF48DA40279DCF69000A310C /* WatchLandmarks.app in Embed Watch Content */,
			);
			name = "Embed Watch Content";
			runOnlyForDeploymentPostprocessing = 0;
		};
/* End PBXCopyFilesBuildPhase section */

/* Begin PBXFileReference section */
		DF0CF7202795B47C000F0CB8 /* BadgeSymbol.swift */ = {isa = PBXFileReference; lastKnownFileType = sourcecode.swift; path = BadgeSymbol.swift; sourceTree = "<group>"; };
		DF0CF7222795B727000F0CB8 /* RotatedBadgeSymbol.swift */ = {isa = PBXFileReference; lastKnownFileType = sourcecode.swift; path = RotatedBadgeSymbol.swift; sourceTree = "<group>"; };
		DF0CF7242795B86D000F0CB8 /* Badge.swift */ = {isa = PBXFileReference; lastKnownFileType = sourcecode.swift; path = Badge.swift; sourceTree = "<group>"; };
		DF0CF7272795BF55000F0CB8 /* hikeData.json */ = {isa = PBXFileReference; fileEncoding = 4; lastKnownFileType = text.json; path = hikeData.json; sourceTree = "<group>"; };
		DF0CF7292795CCA8000F0CB8 /* Hike.swift */ = {isa = PBXFileReference; lastKnownFileType = sourcecode.swift; path = Hike.swift; sourceTree = "<group>"; };
		DF0CF72F2795D2AB000F0CB8 /* GraphCapsule.swift */ = {isa = PBXFileReference; fileEncoding = 4; lastKnownFileType = sourcecode.swift; path = GraphCapsule.swift; sourceTree = "<group>"; };
		DF0CF7302795D2AB000F0CB8 /* HikeGraph.swift */ = {isa = PBXFileReference; fileEncoding = 4; lastKnownFileType = sourcecode.swift; path = HikeGraph.swift; sourceTree = "<group>"; };
		DF0CF7312795D2AB000F0CB8 /* HikeDetail.swift */ = {isa = PBXFileReference; fileEncoding = 4; lastKnownFileType = sourcecode.swift; path = HikeDetail.swift; sourceTree = "<group>"; };
		DF0CF7322795D2AB000F0CB8 /* HikeView.swift */ = {isa = PBXFileReference; fileEncoding = 4; lastKnownFileType = sourcecode.swift; path = HikeView.swift; sourceTree = "<group>"; };
		DF0CF7382795F529000F0CB8 /* CategoryHome.swift */ = {isa = PBXFileReference; lastKnownFileType = sourcecode.swift; path = CategoryHome.swift; sourceTree = "<group>"; };
		DF255DE2279ED9F2003B0293 /* MacLandmarks.app */ = {isa = PBXFileReference; explicitFileType = wrapper.application; includeInIndex = 0; path = MacLandmarks.app; sourceTree = BUILT_PRODUCTS_DIR; };
		DF255DE4279ED9F2003B0293 /* MacLandmarksApp.swift */ = {isa = PBXFileReference; lastKnownFileType = sourcecode.swift; path = MacLandmarksApp.swift; sourceTree = "<group>"; };
		DF255DE6279ED9F2003B0293 /* ContentView.swift */ = {isa = PBXFileReference; lastKnownFileType = sourcecode.swift; path = ContentView.swift; sourceTree = "<group>"; };
		DF255DE8279ED9F4003B0293 /* Assets.xcassets */ = {isa = PBXFileReference; lastKnownFileType = folder.assetcatalog; path = Assets.xcassets; sourceTree = "<group>"; };
		DF255DEB279ED9F4003B0293 /* Preview Assets.xcassets */ = {isa = PBXFileReference; lastKnownFileType = folder.assetcatalog; path = "Preview Assets.xcassets"; sourceTree = "<group>"; };
		DF255DED279ED9F4003B0293 /* MacLandmarks.entitlements */ = {isa = PBXFileReference; lastKnownFileType = text.plist.entitlements; path = MacLandmarks.entitlements; sourceTree = "<group>"; };
		DF255DF2279ED9F4003B0293 /* MacLandmarksTests.xctest */ = {isa = PBXFileReference; explicitFileType = wrapper.cfbundle; includeInIndex = 0; path = MacLandmarksTests.xctest; sourceTree = BUILT_PRODUCTS_DIR; };
		DF255DF6279ED9F4003B0293 /* MacLandmarksTests.swift */ = {isa = PBXFileReference; lastKnownFileType = sourcecode.swift; path = MacLandmarksTests.swift; sourceTree = "<group>"; };
		DF255DFC279ED9F4003B0293 /* MacLandmarksUITests.xctest */ = {isa = PBXFileReference; explicitFileType = wrapper.cfbundle; includeInIndex = 0; path = MacLandmarksUITests.xctest; sourceTree = BUILT_PRODUCTS_DIR; };
		DF255E00279ED9F4003B0293 /* MacLandmarksUITests.swift */ = {isa = PBXFileReference; lastKnownFileType = sourcecode.swift; path = MacLandmarksUITests.swift; sourceTree = "<group>"; };
		DF255E02279ED9F4003B0293 /* MacLandmarksUITestsLaunchTests.swift */ = {isa = PBXFileReference; lastKnownFileType = sourcecode.swift; path = MacLandmarksUITestsLaunchTests.swift; sourceTree = "<group>"; };
		DF48D9FB279B52AC000A310C /* ProfileEditor.swift */ = {isa = PBXFileReference; lastKnownFileType = sourcecode.swift; path = ProfileEditor.swift; sourceTree = "<group>"; };
		DF48D9FE279C47FA000A310C /* PageViewController.swift */ = {isa = PBXFileReference; lastKnownFileType = sourcecode.swift; path = PageViewController.swift; sourceTree = "<group>"; };
		DF48DA00279C4F25000A310C /* FeatureCard.swift */ = {isa = PBXFileReference; lastKnownFileType = sourcecode.swift; path = FeatureCard.swift; sourceTree = "<group>"; };
		DF48DA02279C535B000A310C /* PageView.swift */ = {isa = PBXFileReference; lastKnownFileType = sourcecode.swift; path = PageView.swift; sourceTree = "<group>"; };
		DF48DA06279DC289000A310C /* PageControl.swift */ = {isa = PBXFileReference; lastKnownFileType = sourcecode.swift; path = PageControl.swift; sourceTree = "<group>"; };
		DF48DA0A279DCF66000A310C /* WatchLandmarks.app */ = {isa = PBXFileReference; explicitFileType = wrapper.application; includeInIndex = 0; path = WatchLandmarks.app; sourceTree = BUILT_PRODUCTS_DIR; };
		DF48DA0C279DCF67000A310C /* Assets.xcassets */ = {isa = PBXFileReference; lastKnownFileType = folder.assetcatalog; path = Assets.xcassets; sourceTree = "<group>"; };
		DF48DA12279DCF68000A310C /* WatchLandmarks WatchKit Extension.appex */ = {isa = PBXFileReference; explicitFileType = "wrapper.app-extension"; includeInIndex = 0; path = "WatchLandmarks WatchKit Extension.appex"; sourceTree = BUILT_PRODUCTS_DIR; };
		DF48DA19279DCF68000A310C /* ContentView.swift */ = {isa = PBXFileReference; lastKnownFileType = sourcecode.swift; path = ContentView.swift; sourceTree = "<group>"; };
		DF48DA1B279DCF68000A310C /* NotificationController.swift */ = {isa = PBXFileReference; lastKnownFileType = sourcecode.swift; path = NotificationController.swift; sourceTree = "<group>"; };
		DF48DA1D279DCF68000A310C /* NotificationView.swift */ = {isa = PBXFileReference; lastKnownFileType = sourcecode.swift; path = NotificationView.swift; sourceTree = "<group>"; };
		DF48DA1F279DCF68000A310C /* ComplicationController.swift */ = {isa = PBXFileReference; lastKnownFileType = sourcecode.swift; path = ComplicationController.swift; sourceTree = "<group>"; };
		DF48DA21279DCF69000A310C /* Assets.xcassets */ = {isa = PBXFileReference; lastKnownFileType = folder.assetcatalog; path = Assets.xcassets; sourceTree = "<group>"; };
		DF48DA24279DCF69000A310C /* Preview Assets.xcassets */ = {isa = PBXFileReference; lastKnownFileType = folder.assetcatalog; path = "Preview Assets.xcassets"; sourceTree = "<group>"; };
		DF48DA26279DCF69000A310C /* Info.plist */ = {isa = PBXFileReference; lastKnownFileType = text.plist.xml; path = Info.plist; sourceTree = "<group>"; };
		DF48DA27279DCF69000A310C /* PushNotificationPayload.apns */ = {isa = PBXFileReference; lastKnownFileType = text; path = PushNotificationPayload.apns; sourceTree = "<group>"; };
		DF48DA2C279DCF69000A310C /* WatchLandmarksTests.xctest */ = {isa = PBXFileReference; explicitFileType = wrapper.cfbundle; includeInIndex = 0; path = WatchLandmarksTests.xctest; sourceTree = BUILT_PRODUCTS_DIR; };
		DF48DA30279DCF69000A310C /* WatchLandmarksTests.swift */ = {isa = PBXFileReference; lastKnownFileType = sourcecode.swift; path = WatchLandmarksTests.swift; sourceTree = "<group>"; };
		DF48DA36279DCF69000A310C /* WatchLandmarksUITests.xctest */ = {isa = PBXFileReference; explicitFileType = wrapper.cfbundle; includeInIndex = 0; path = WatchLandmarksUITests.xctest; sourceTree = BUILT_PRODUCTS_DIR; };
		DF48DA3A279DCF69000A310C /* WatchLandmarksUITests.swift */ = {isa = PBXFileReference; lastKnownFileType = sourcecode.swift; path = WatchLandmarksUITests.swift; sourceTree = "<group>"; };
		DF48DA3C279DCF69000A310C /* WatchLandmarksUITestsLaunchTests.swift */ = {isa = PBXFileReference; lastKnownFileType = sourcecode.swift; path = WatchLandmarksUITestsLaunchTests.swift; sourceTree = "<group>"; };
		DF48DA5B279EB43D000A310C /* LandmarkDetail.swift */ = {isa = PBXFileReference; lastKnownFileType = sourcecode.swift; path = LandmarkDetail.swift; sourceTree = "<group>"; };
		DF51C9772795A46100099629 /* HexagonParameters.swift */ = {isa = PBXFileReference; lastKnownFileType = sourcecode.swift; path = HexagonParameters.swift; sourceTree = "<group>"; };
		DF51C9792795A68300099629 /* BadgeBackground.swift */ = {isa = PBXFileReference; lastKnownFileType = sourcecode.swift; path = BadgeBackground.swift; sourceTree = "<group>"; };
		DF817BD227958C3C00B12719 /* FavoriteButton.swift */ = {isa = PBXFileReference; lastKnownFileType = sourcecode.swift; path = FavoriteButton.swift; sourceTree = "<group>"; };
		DFD2605E2795FF4C00A15812 /* CategoryRow.swift */ = {isa = PBXFileReference; lastKnownFileType = sourcecode.swift; path = CategoryRow.swift; sourceTree = "<group>"; };
		DFD260602796044000A15812 /* CategoryItem.swift */ = {isa = PBXFileReference; lastKnownFileType = sourcecode.swift; path = CategoryItem.swift; sourceTree = "<group>"; };
		DFD26062279754EF00A15812 /* Profile.swift */ = {isa = PBXFileReference; lastKnownFileType = sourcecode.swift; path = Profile.swift; sourceTree = "<group>"; };
		DFD260652797567600A15812 /* ProfileHost.swift */ = {isa = PBXFileReference; lastKnownFileType = sourcecode.swift; path = ProfileHost.swift; sourceTree = "<group>"; };
		DFD260672797578300A15812 /* ProfileSummary.swift */ = {isa = PBXFileReference; lastKnownFileType = sourcecode.swift; path = ProfileSummary.swift; sourceTree = "<group>"; };
		DFD260692797589900A15812 /* HikeBadge.swift */ = {isa = PBXFileReference; lastKnownFileType = sourcecode.swift; path = HikeBadge.swift; sourceTree = "<group>"; };
		DFF427DE278CBC3B00D580E0 /* Landmarks.app */ = {isa = PBXFileReference; explicitFileType = wrapper.application; includeInIndex = 0; path = Landmarks.app; sourceTree = BUILT_PRODUCTS_DIR; };
		DFF427E1278CBC3B00D580E0 /* LandmarksApp.swift */ = {isa = PBXFileReference; lastKnownFileType = sourcecode.swift; path = LandmarksApp.swift; sourceTree = "<group>"; };
		DFF427E3278CBC3B00D580E0 /* ContentView.swift */ = {isa = PBXFileReference; lastKnownFileType = sourcecode.swift; path = ContentView.swift; sourceTree = "<group>"; };
		DFF427E5278CBC3C00D580E0 /* Assets.xcassets */ = {isa = PBXFileReference; lastKnownFileType = folder.assetcatalog; path = Assets.xcassets; sourceTree = "<group>"; };
		DFF427E8278CBC3C00D580E0 /* Preview Assets.xcassets */ = {isa = PBXFileReference; lastKnownFileType = folder.assetcatalog; path = "Preview Assets.xcassets"; sourceTree = "<group>"; };
		DFF427EE278CBC3D00D580E0 /* LandmarksTests.xctest */ = {isa = PBXFileReference; explicitFileType = wrapper.cfbundle; includeInIndex = 0; path = LandmarksTests.xctest; sourceTree = BUILT_PRODUCTS_DIR; };
		DFF427F2278CBC3D00D580E0 /* LandmarksTests.swift */ = {isa = PBXFileReference; lastKnownFileType = sourcecode.swift; path = LandmarksTests.swift; sourceTree = "<group>"; };
		DFF427F8278CBC3D00D580E0 /* LandmarksUITests.xctest */ = {isa = PBXFileReference; explicitFileType = wrapper.cfbundle; includeInIndex = 0; path = LandmarksUITests.xctest; sourceTree = BUILT_PRODUCTS_DIR; };
		DFF427FC278CBC3D00D580E0 /* LandmarksUITests.swift */ = {isa = PBXFileReference; lastKnownFileType = sourcecode.swift; path = LandmarksUITests.swift; sourceTree = "<group>"; };
		DFF427FE278CBC3D00D580E0 /* LandmarksUITestsLaunchTests.swift */ = {isa = PBXFileReference; lastKnownFileType = sourcecode.swift; path = LandmarksUITestsLaunchTests.swift; sourceTree = "<group>"; };
		DFF4280D278CC72100D580E0 /* CircleImage.swift */ = {isa = PBXFileReference; lastKnownFileType = sourcecode.swift; path = CircleImage.swift; sourceTree = "<group>"; };
		DFF4280F278CC9EF00D580E0 /* MapView.swift */ = {isa = PBXFileReference; lastKnownFileType = sourcecode.swift; path = MapView.swift; sourceTree = "<group>"; };
		DFF42816278E1D6C00D580E0 /* landmarkData.json */ = {isa = PBXFileReference; fileEncoding = 4; lastKnownFileType = text.json; path = landmarkData.json; sourceTree = "<group>"; };
		DFF4281A278E1E3900D580E0 /* Landmark.swift */ = {isa = PBXFileReference; lastKnownFileType = sourcecode.swift; path = Landmark.swift; sourceTree = "<group>"; };
		DFF4281C278E245200D580E0 /* ModelData.swift */ = {isa = PBXFileReference; lastKnownFileType = sourcecode.swift; path = ModelData.swift; sourceTree = "<group>"; };
		DFF4281E278E27A000D580E0 /* LandmarkRow.swift */ = {isa = PBXFileReference; lastKnownFileType = sourcecode.swift; path = LandmarkRow.swift; sourceTree = "<group>"; };
		DFF42822278E2B7800D580E0 /* LandmarkList.swift */ = {isa = PBXFileReference; lastKnownFileType = sourcecode.swift; path = LandmarkList.swift; sourceTree = "<group>"; };
		DFF42824278F7CEA00D580E0 /* LandmarkDetail.swift */ = {isa = PBXFileReference; lastKnownFileType = sourcecode.swift; path = LandmarkDetail.swift; sourceTree = "<group>"; };
/* End PBXFileReference section */

/* Begin PBXFrameworksBuildPhase section */
		DF255DDF279ED9F2003B0293 /* Frameworks */ = {
			isa = PBXFrameworksBuildPhase;
			buildActionMask = 2147483647;
			files = (
			);
			runOnlyForDeploymentPostprocessing = 0;
		};
		DF255DEF279ED9F4003B0293 /* Frameworks */ = {
			isa = PBXFrameworksBuildPhase;
			buildActionMask = 2147483647;
			files = (
			);
			runOnlyForDeploymentPostprocessing = 0;
		};
		DF255DF9279ED9F4003B0293 /* Frameworks */ = {
			isa = PBXFrameworksBuildPhase;
			buildActionMask = 2147483647;
			files = (
			);
			runOnlyForDeploymentPostprocessing = 0;
		};
		DF48DA0F279DCF68000A310C /* Frameworks */ = {
			isa = PBXFrameworksBuildPhase;
			buildActionMask = 2147483647;
			files = (
			);
			runOnlyForDeploymentPostprocessing = 0;
		};
		DF48DA29279DCF69000A310C /* Frameworks */ = {
			isa = PBXFrameworksBuildPhase;
			buildActionMask = 2147483647;
			files = (
			);
			runOnlyForDeploymentPostprocessing = 0;
		};
		DF48DA33279DCF69000A310C /* Frameworks */ = {
			isa = PBXFrameworksBuildPhase;
			buildActionMask = 2147483647;
			files = (
			);
			runOnlyForDeploymentPostprocessing = 0;
		};
		DFF427DB278CBC3B00D580E0 /* Frameworks */ = {
			isa = PBXFrameworksBuildPhase;
			buildActionMask = 2147483647;
			files = (
			);
			runOnlyForDeploymentPostprocessing = 0;
		};
		DFF427EB278CBC3D00D580E0 /* Frameworks */ = {
			isa = PBXFrameworksBuildPhase;
			buildActionMask = 2147483647;
			files = (
			);
			runOnlyForDeploymentPostprocessing = 0;
		};
		DFF427F5278CBC3D00D580E0 /* Frameworks */ = {
			isa = PBXFrameworksBuildPhase;
			buildActionMask = 2147483647;
			files = (
			);
			runOnlyForDeploymentPostprocessing = 0;
		};
/* End PBXFrameworksBuildPhase section */

/* Begin PBXGroup section */
		DF0CF7262795BB6C000F0CB8 /* Badge */ = {
			isa = PBXGroup;
			children = (
				DF51C9772795A46100099629 /* HexagonParameters.swift */,
				DF51C9792795A68300099629 /* BadgeBackground.swift */,
				DF0CF7202795B47C000F0CB8 /* BadgeSymbol.swift */,
				DF0CF7222795B727000F0CB8 /* RotatedBadgeSymbol.swift */,
				DF0CF7242795B86D000F0CB8 /* Badge.swift */,
			);
			path = Badge;
			sourceTree = "<group>";
		};
		DF0CF72E2795D2AB000F0CB8 /* Hikes */ = {
			isa = PBXGroup;
			children = (
				DF0CF72F2795D2AB000F0CB8 /* GraphCapsule.swift */,
				DF0CF7302795D2AB000F0CB8 /* HikeGraph.swift */,
				DF0CF7312795D2AB000F0CB8 /* HikeDetail.swift */,
				DF0CF7322795D2AB000F0CB8 /* HikeView.swift */,
				DFD260692797589900A15812 /* HikeBadge.swift */,
			);
			path = Hikes;
			sourceTree = "<group>";
		};
		DF0CF7372795F4FA000F0CB8 /* Categories */ = {
			isa = PBXGroup;
			children = (
				DF0CF7382795F529000F0CB8 /* CategoryHome.swift */,
				DFD2605E2795FF4C00A15812 /* CategoryRow.swift */,
				DFD260602796044000A15812 /* CategoryItem.swift */,
			);
			path = Categories;
			sourceTree = "<group>";
		};
		DF255DDB279EC2F6003B0293 /* Views */ = {
			isa = PBXGroup;
			children = (
				DF48DA19279DCF68000A310C /* ContentView.swift */,
				DF48DA5B279EB43D000A310C /* LandmarkDetail.swift */,
				DF48DA1D279DCF68000A310C /* NotificationView.swift */,
			);
			path = Views;
			sourceTree = "<group>";
		};
		DF255DDC279EC37B003B0293 /* Resources */ = {
			isa = PBXGroup;
			children = (
				DF48DA26279DCF69000A310C /* Info.plist */,
				DF48DA27279DCF69000A310C /* PushNotificationPayload.apns */,
				DF48DA21279DCF69000A310C /* Assets.xcassets */,
				DF48DA23279DCF69000A310C /* Preview Content */,
			);
			path = Resources;
			sourceTree = "<group>";
		};
		DF255DE3279ED9F2003B0293 /* MacLandmarks */ = {
			isa = PBXGroup;
			children = (
				DF255DE4279ED9F2003B0293 /* MacLandmarksApp.swift */,
				DF255DE6279ED9F2003B0293 /* ContentView.swift */,
				DF255DE8279ED9F4003B0293 /* Assets.xcassets */,
				DF255DED279ED9F4003B0293 /* MacLandmarks.entitlements */,
				DF255DEA279ED9F4003B0293 /* Preview Content */,
			);
			path = MacLandmarks;
			sourceTree = "<group>";
		};
		DF255DEA279ED9F4003B0293 /* Preview Content */ = {
			isa = PBXGroup;
			children = (
				DF255DEB279ED9F4003B0293 /* Preview Assets.xcassets */,
			);
			path = "Preview Content";
			sourceTree = "<group>";
		};
		DF255DF5279ED9F4003B0293 /* MacLandmarksTests */ = {
			isa = PBXGroup;
			children = (
				DF255DF6279ED9F4003B0293 /* MacLandmarksTests.swift */,
			);
			path = MacLandmarksTests;
			sourceTree = "<group>";
		};
		DF255DFF279ED9F4003B0293 /* MacLandmarksUITests */ = {
			isa = PBXGroup;
			children = (
				DF255E00279ED9F4003B0293 /* MacLandmarksUITests.swift */,
				DF255E02279ED9F4003B0293 /* MacLandmarksUITestsLaunchTests.swift */,
			);
			path = MacLandmarksUITests;
			sourceTree = "<group>";
		};
		DF48D9FD279C478E000A310C /* PageView */ = {
			isa = PBXGroup;
			children = (
				DF48D9FE279C47FA000A310C /* PageViewController.swift */,
				DF48DA00279C4F25000A310C /* FeatureCard.swift */,
				DF48DA02279C535B000A310C /* PageView.swift */,
				DF48DA06279DC289000A310C /* PageControl.swift */,
			);
			path = PageView;
			sourceTree = "<group>";
		};
		DF48DA0B279DCF66000A310C /* WatchLandmarks */ = {
			isa = PBXGroup;
			children = (
				DF48DA0C279DCF67000A310C /* Assets.xcassets */,
			);
			path = WatchLandmarks;
			sourceTree = "<group>";
		};
		DF48DA16279DCF68000A310C /* WatchLandmarks WatchKit Extension */ = {
			isa = PBXGroup;
			children = (
				DF48DA1B279DCF68000A310C /* NotificationController.swift */,
				DF48DA1F279DCF68000A310C /* ComplicationController.swift */,
				DF255DDB279EC2F6003B0293 /* Views */,
				DF255DDC279EC37B003B0293 /* Resources */,
			);
			path = "WatchLandmarks WatchKit Extension";
			sourceTree = "<group>";
		};
		DF48DA23279DCF69000A310C /* Preview Content */ = {
			isa = PBXGroup;
			children = (
				DF48DA24279DCF69000A310C /* Preview Assets.xcassets */,
			);
			path = "Preview Content";
			sourceTree = "<group>";
		};
		DF48DA2F279DCF69000A310C /* WatchLandmarksTests */ = {
			isa = PBXGroup;
			children = (
				DF48DA30279DCF69000A310C /* WatchLandmarksTests.swift */,
			);
			path = WatchLandmarksTests;
			sourceTree = "<group>";
		};
		DF48DA39279DCF69000A310C /* WatchLandmarksUITests */ = {
			isa = PBXGroup;
			children = (
				DF48DA3A279DCF69000A310C /* WatchLandmarksUITests.swift */,
				DF48DA3C279DCF69000A310C /* WatchLandmarksUITestsLaunchTests.swift */,
			);
			path = WatchLandmarksUITests;
			sourceTree = "<group>";
		};
		DF817BD427958F0C00B12719 /* Helpers */ = {
			isa = PBXGroup;
			children = (
				DFF4280D278CC72100D580E0 /* CircleImage.swift */,
				DFF4280F278CC9EF00D580E0 /* MapView.swift */,
				DF817BD227958C3C00B12719 /* FavoriteButton.swift */,
			);
			path = Helpers;
			sourceTree = "<group>";
		};
		DF817BD527958F4E00B12719 /* Landmarks */ = {
			isa = PBXGroup;
			children = (
				DFF42822278E2B7800D580E0 /* LandmarkList.swift */,
				DFF4281E278E27A000D580E0 /* LandmarkRow.swift */,
				DFF42824278F7CEA00D580E0 /* LandmarkDetail.swift */,
			);
			path = Landmarks;
			sourceTree = "<group>";
		};
		DFD260642797564200A15812 /* Profiles */ = {
			isa = PBXGroup;
			children = (
				DFD260652797567600A15812 /* ProfileHost.swift */,
				DFD260672797578300A15812 /* ProfileSummary.swift */,
				DF48D9FB279B52AC000A310C /* ProfileEditor.swift */,
			);
			path = Profiles;
			sourceTree = "<group>";
		};
		DFF427D5278CBC3B00D580E0 = {
			isa = PBXGroup;
			children = (
				DFF427E0278CBC3B00D580E0 /* Landmarks */,
				DFF427F1278CBC3D00D580E0 /* LandmarksTests */,
				DFF427FB278CBC3D00D580E0 /* LandmarksUITests */,
				DF48DA0B279DCF66000A310C /* WatchLandmarks */,
				DF48DA16279DCF68000A310C /* WatchLandmarks WatchKit Extension */,
				DF48DA2F279DCF69000A310C /* WatchLandmarksTests */,
				DF48DA39279DCF69000A310C /* WatchLandmarksUITests */,
				DF255DE3279ED9F2003B0293 /* MacLandmarks */,
				DF255DF5279ED9F4003B0293 /* MacLandmarksTests */,
				DF255DFF279ED9F4003B0293 /* MacLandmarksUITests */,
				DFF427DF278CBC3B00D580E0 /* Products */,
			);
			sourceTree = "<group>";
		};
		DFF427DF278CBC3B00D580E0 /* Products */ = {
			isa = PBXGroup;
			children = (
				DFF427DE278CBC3B00D580E0 /* Landmarks.app */,
				DFF427EE278CBC3D00D580E0 /* LandmarksTests.xctest */,
				DFF427F8278CBC3D00D580E0 /* LandmarksUITests.xctest */,
				DF48DA0A279DCF66000A310C /* WatchLandmarks.app */,
				DF48DA12279DCF68000A310C /* WatchLandmarks WatchKit Extension.appex */,
				DF48DA2C279DCF69000A310C /* WatchLandmarksTests.xctest */,
				DF48DA36279DCF69000A310C /* WatchLandmarksUITests.xctest */,
				DF255DE2279ED9F2003B0293 /* MacLandmarks.app */,
				DF255DF2279ED9F4003B0293 /* MacLandmarksTests.xctest */,
				DF255DFC279ED9F4003B0293 /* MacLandmarksUITests.xctest */,
			);
			name = Products;
			sourceTree = "<group>";
		};
		DFF427E0278CBC3B00D580E0 /* Landmarks */ = {
			isa = PBXGroup;
			children = (
				DFF427E1278CBC3B00D580E0 /* LandmarksApp.swift */,
				DFF42815278CDCFC00D580E0 /* Model */,
				DFF4280B278CBCAF00D580E0 /* Views */,
				DFF42814278CDCCF00D580E0 /* Resources */,
			);
			path = Landmarks;
			sourceTree = "<group>";
		};
		DFF427E7278CBC3C00D580E0 /* Preview Content */ = {
			isa = PBXGroup;
			children = (
				DFF427E8278CBC3C00D580E0 /* Preview Assets.xcassets */,
			);
			path = "Preview Content";
			sourceTree = "<group>";
		};
		DFF427F1278CBC3D00D580E0 /* LandmarksTests */ = {
			isa = PBXGroup;
			children = (
				DFF427F2278CBC3D00D580E0 /* LandmarksTests.swift */,
			);
			path = LandmarksTests;
			sourceTree = "<group>";
		};
		DFF427FB278CBC3D00D580E0 /* LandmarksUITests */ = {
			isa = PBXGroup;
			children = (
				DFF427FC278CBC3D00D580E0 /* LandmarksUITests.swift */,
				DFF427FE278CBC3D00D580E0 /* LandmarksUITestsLaunchTests.swift */,
			);
			path = LandmarksUITests;
			sourceTree = "<group>";
		};
		DFF4280B278CBCAF00D580E0 /* Views */ = {
			isa = PBXGroup;
			children = (
				DFF427E3278CBC3B00D580E0 /* ContentView.swift */,
				DF817BD527958F4E00B12719 /* Landmarks */,
				DF0CF7372795F4FA000F0CB8 /* Categories */,
				DFD260642797564200A15812 /* Profiles */,
				DF48D9FD279C478E000A310C /* PageView */,
				DF0CF72E2795D2AB000F0CB8 /* Hikes */,
				DF0CF7262795BB6C000F0CB8 /* Badge */,
				DF817BD427958F0C00B12719 /* Helpers */,
			);
			path = Views;
			sourceTree = "<group>";
		};
		DFF42814278CDCCF00D580E0 /* Resources */ = {
			isa = PBXGroup;
			children = (
				DF0CF7272795BF55000F0CB8 /* hikeData.json */,
				DFF42816278E1D6C00D580E0 /* landmarkData.json */,
				DFF427E5278CBC3C00D580E0 /* Assets.xcassets */,
				DFF427E7278CBC3C00D580E0 /* Preview Content */,
			);
			path = Resources;
			sourceTree = "<group>";
		};
		DFF42815278CDCFC00D580E0 /* Model */ = {
			isa = PBXGroup;
			children = (
				DFF4281A278E1E3900D580E0 /* Landmark.swift */,
				DFF4281C278E245200D580E0 /* ModelData.swift */,
				DF0CF7292795CCA8000F0CB8 /* Hike.swift */,
				DFD26062279754EF00A15812 /* Profile.swift */,
			);
			path = Model;
			sourceTree = "<group>";
		};
/* End PBXGroup section */

/* Begin PBXNativeTarget section */
		DF255DE1279ED9F2003B0293 /* MacLandmarks */ = {
			isa = PBXNativeTarget;
			buildConfigurationList = DF255E04279ED9F4003B0293 /* Build configuration list for PBXNativeTarget "MacLandmarks" */;
			buildPhases = (
				DF255DDE279ED9F2003B0293 /* Sources */,
				DF255DDF279ED9F2003B0293 /* Frameworks */,
				DF255DE0279ED9F2003B0293 /* Resources */,
			);
			buildRules = (
			);
			dependencies = (
			);
			name = MacLandmarks;
			productName = MacLandmarks;
			productReference = DF255DE2279ED9F2003B0293 /* MacLandmarks.app */;
			productType = "com.apple.product-type.application";
		};
		DF255DF1279ED9F4003B0293 /* MacLandmarksTests */ = {
			isa = PBXNativeTarget;
			buildConfigurationList = DF255E07279ED9F4003B0293 /* Build configuration list for PBXNativeTarget "MacLandmarksTests" */;
			buildPhases = (
				DF255DEE279ED9F4003B0293 /* Sources */,
				DF255DEF279ED9F4003B0293 /* Frameworks */,
				DF255DF0279ED9F4003B0293 /* Resources */,
			);
			buildRules = (
			);
			dependencies = (
				DF255DF4279ED9F4003B0293 /* PBXTargetDependency */,
			);
			name = MacLandmarksTests;
			productName = MacLandmarksTests;
			productReference = DF255DF2279ED9F4003B0293 /* MacLandmarksTests.xctest */;
			productType = "com.apple.product-type.bundle.unit-test";
		};
		DF255DFB279ED9F4003B0293 /* MacLandmarksUITests */ = {
			isa = PBXNativeTarget;
			buildConfigurationList = DF255E0A279ED9F4003B0293 /* Build configuration list for PBXNativeTarget "MacLandmarksUITests" */;
			buildPhases = (
				DF255DF8279ED9F4003B0293 /* Sources */,
				DF255DF9279ED9F4003B0293 /* Frameworks */,
				DF255DFA279ED9F4003B0293 /* Resources */,
			);
			buildRules = (
			);
			dependencies = (
				DF255DFE279ED9F4003B0293 /* PBXTargetDependency */,
			);
			name = MacLandmarksUITests;
			productName = MacLandmarksUITests;
			productReference = DF255DFC279ED9F4003B0293 /* MacLandmarksUITests.xctest */;
			productType = "com.apple.product-type.bundle.ui-testing";
		};
		DF48DA09279DCF66000A310C /* WatchLandmarks */ = {
			isa = PBXNativeTarget;
			buildConfigurationList = DF48DA45279DCF69000A310C /* Build configuration list for PBXNativeTarget "WatchLandmarks" */;
			buildPhases = (
				DF48DA08279DCF66000A310C /* Resources */,
				DF48DA44279DCF69000A310C /* Embed App Extensions */,
			);
			buildRules = (
			);
			dependencies = (
				DF48DA15279DCF68000A310C /* PBXTargetDependency */,
			);
			name = WatchLandmarks;
			productName = WatchLandmarks;
			productReference = DF48DA0A279DCF66000A310C /* WatchLandmarks.app */;
			productType = "com.apple.product-type.application.watchapp2";
		};
		DF48DA11279DCF68000A310C /* WatchLandmarks WatchKit Extension */ = {
			isa = PBXNativeTarget;
			buildConfigurationList = DF48DA41279DCF69000A310C /* Build configuration list for PBXNativeTarget "WatchLandmarks WatchKit Extension" */;
			buildPhases = (
				DF48DA0E279DCF68000A310C /* Sources */,
				DF48DA0F279DCF68000A310C /* Frameworks */,
				DF48DA10279DCF68000A310C /* Resources */,
			);
			buildRules = (
			);
			dependencies = (
			);
			name = "WatchLandmarks WatchKit Extension";
			productName = "WatchLandmarks WatchKit Extension";
			productReference = DF48DA12279DCF68000A310C /* WatchLandmarks WatchKit Extension.appex */;
			productType = "com.apple.product-type.watchkit2-extension";
		};
		DF48DA2B279DCF69000A310C /* WatchLandmarksTests */ = {
			isa = PBXNativeTarget;
			buildConfigurationList = DF48DA49279DCF69000A310C /* Build configuration list for PBXNativeTarget "WatchLandmarksTests" */;
			buildPhases = (
				DF48DA28279DCF69000A310C /* Sources */,
				DF48DA29279DCF69000A310C /* Frameworks */,
				DF48DA2A279DCF69000A310C /* Resources */,
			);
			buildRules = (
			);
			dependencies = (
				DF48DA2E279DCF69000A310C /* PBXTargetDependency */,
			);
			name = WatchLandmarksTests;
			productName = WatchLandmarksTests;
			productReference = DF48DA2C279DCF69000A310C /* WatchLandmarksTests.xctest */;
			productType = "com.apple.product-type.bundle.unit-test";
		};
		DF48DA35279DCF69000A310C /* WatchLandmarksUITests */ = {
			isa = PBXNativeTarget;
			buildConfigurationList = DF48DA4C279DCF69000A310C /* Build configuration list for PBXNativeTarget "WatchLandmarksUITests" */;
			buildPhases = (
				DF48DA32279DCF69000A310C /* Sources */,
				DF48DA33279DCF69000A310C /* Frameworks */,
				DF48DA34279DCF69000A310C /* Resources */,
			);
			buildRules = (
			);
			dependencies = (
				DF48DA38279DCF69000A310C /* PBXTargetDependency */,
			);
			name = WatchLandmarksUITests;
			productName = WatchLandmarksUITests;
			productReference = DF48DA36279DCF69000A310C /* WatchLandmarksUITests.xctest */;
			productType = "com.apple.product-type.bundle.ui-testing";
		};
		DFF427DD278CBC3B00D580E0 /* Landmarks */ = {
			isa = PBXNativeTarget;
			buildConfigurationList = DFF42802278CBC3D00D580E0 /* Build configuration list for PBXNativeTarget "Landmarks" */;
			buildPhases = (
				DFF4280C278CBD3800D580E0 /* SwiftLint */,
				DFF427DA278CBC3B00D580E0 /* Sources */,
				DFF427DB278CBC3B00D580E0 /* Frameworks */,
				DFF427DC278CBC3B00D580E0 /* Resources */,
				DF48DA48279DCF69000A310C /* Embed Watch Content */,
			);
			buildRules = (
			);
			dependencies = (
				DF48DA3F279DCF69000A310C /* PBXTargetDependency */,
			);
			name = Landmarks;
			productName = Landmarks;
			productReference = DFF427DE278CBC3B00D580E0 /* Landmarks.app */;
			productType = "com.apple.product-type.application";
		};
		DFF427ED278CBC3D00D580E0 /* LandmarksTests */ = {
			isa = PBXNativeTarget;
			buildConfigurationList = DFF42805278CBC3D00D580E0 /* Build configuration list for PBXNativeTarget "LandmarksTests" */;
			buildPhases = (
				DFF427EA278CBC3D00D580E0 /* Sources */,
				DFF427EB278CBC3D00D580E0 /* Frameworks */,
				DFF427EC278CBC3D00D580E0 /* Resources */,
			);
			buildRules = (
			);
			dependencies = (
				DFF427F0278CBC3D00D580E0 /* PBXTargetDependency */,
			);
			name = LandmarksTests;
			productName = LandmarksTests;
			productReference = DFF427EE278CBC3D00D580E0 /* LandmarksTests.xctest */;
			productType = "com.apple.product-type.bundle.unit-test";
		};
		DFF427F7278CBC3D00D580E0 /* LandmarksUITests */ = {
			isa = PBXNativeTarget;
			buildConfigurationList = DFF42808278CBC3D00D580E0 /* Build configuration list for PBXNativeTarget "LandmarksUITests" */;
			buildPhases = (
				DFF427F4278CBC3D00D580E0 /* Sources */,
				DFF427F5278CBC3D00D580E0 /* Frameworks */,
				DFF427F6278CBC3D00D580E0 /* Resources */,
			);
			buildRules = (
			);
			dependencies = (
				DFF427FA278CBC3D00D580E0 /* PBXTargetDependency */,
			);
			name = LandmarksUITests;
			productName = LandmarksUITests;
			productReference = DFF427F8278CBC3D00D580E0 /* LandmarksUITests.xctest */;
			productType = "com.apple.product-type.bundle.ui-testing";
		};
/* End PBXNativeTarget section */

/* Begin PBXProject section */
		DFF427D6278CBC3B00D580E0 /* Project object */ = {
			isa = PBXProject;
			attributes = {
				BuildIndependentTargetsInParallel = 1;
				LastSwiftUpdateCheck = 1320;
				LastUpgradeCheck = 1320;
				TargetAttributes = {
					DF255DE1279ED9F2003B0293 = {
						CreatedOnToolsVersion = 13.2.1;
					};
					DF255DF1279ED9F4003B0293 = {
						CreatedOnToolsVersion = 13.2.1;
						TestTargetID = DF255DE1279ED9F2003B0293;
					};
					DF255DFB279ED9F4003B0293 = {
						CreatedOnToolsVersion = 13.2.1;
						TestTargetID = DF255DE1279ED9F2003B0293;
					};
					DF48DA09279DCF66000A310C = {
						CreatedOnToolsVersion = 13.2.1;
					};
					DF48DA11279DCF68000A310C = {
						CreatedOnToolsVersion = 13.2.1;
					};
					DF48DA2B279DCF69000A310C = {
						CreatedOnToolsVersion = 13.2.1;
						TestTargetID = DF48DA11279DCF68000A310C;
					};
					DF48DA35279DCF69000A310C = {
						CreatedOnToolsVersion = 13.2.1;
						TestTargetID = DF48DA09279DCF66000A310C;
					};
					DFF427DD278CBC3B00D580E0 = {
						CreatedOnToolsVersion = 13.2.1;
					};
					DFF427ED278CBC3D00D580E0 = {
						CreatedOnToolsVersion = 13.2.1;
						TestTargetID = DFF427DD278CBC3B00D580E0;
					};
					DFF427F7278CBC3D00D580E0 = {
						CreatedOnToolsVersion = 13.2.1;
						TestTargetID = DFF427DD278CBC3B00D580E0;
					};
				};
			};
			buildConfigurationList = DFF427D9278CBC3B00D580E0 /* Build configuration list for PBXProject "Landmarks" */;
			compatibilityVersion = "Xcode 13.0";
			developmentRegion = en;
			hasScannedForEncodings = 0;
			knownRegions = (
				en,
				Base,
			);
			mainGroup = DFF427D5278CBC3B00D580E0;
			productRefGroup = DFF427DF278CBC3B00D580E0 /* Products */;
			projectDirPath = "";
			projectRoot = "";
			targets = (
				DFF427DD278CBC3B00D580E0 /* Landmarks */,
				DFF427ED278CBC3D00D580E0 /* LandmarksTests */,
				DFF427F7278CBC3D00D580E0 /* LandmarksUITests */,
				DF48DA09279DCF66000A310C /* WatchLandmarks */,
				DF48DA11279DCF68000A310C /* WatchLandmarks WatchKit Extension */,
				DF48DA2B279DCF69000A310C /* WatchLandmarksTests */,
				DF48DA35279DCF69000A310C /* WatchLandmarksUITests */,
				DF255DE1279ED9F2003B0293 /* MacLandmarks */,
				DF255DF1279ED9F4003B0293 /* MacLandmarksTests */,
				DF255DFB279ED9F4003B0293 /* MacLandmarksUITests */,
			);
		};
/* End PBXProject section */

/* Begin PBXResourcesBuildPhase section */
		DF255DE0279ED9F2003B0293 /* Resources */ = {
			isa = PBXResourcesBuildPhase;
			buildActionMask = 2147483647;
			files = (
				DF255DEC279ED9F4003B0293 /* Preview Assets.xcassets in Resources */,
				DF255DE9279ED9F4003B0293 /* Assets.xcassets in Resources */,
			);
			runOnlyForDeploymentPostprocessing = 0;
		};
		DF255DF0279ED9F4003B0293 /* Resources */ = {
			isa = PBXResourcesBuildPhase;
			buildActionMask = 2147483647;
			files = (
			);
			runOnlyForDeploymentPostprocessing = 0;
		};
		DF255DFA279ED9F4003B0293 /* Resources */ = {
			isa = PBXResourcesBuildPhase;
			buildActionMask = 2147483647;
			files = (
			);
			runOnlyForDeploymentPostprocessing = 0;
		};
		DF48DA08279DCF66000A310C /* Resources */ = {
			isa = PBXResourcesBuildPhase;
			buildActionMask = 2147483647;
			files = (
				DF48DA0D279DCF67000A310C /* Assets.xcassets in Resources */,
			);
			runOnlyForDeploymentPostprocessing = 0;
		};
		DF48DA10279DCF68000A310C /* Resources */ = {
			isa = PBXResourcesBuildPhase;
			buildActionMask = 2147483647;
			files = (
				DF48DA25279DCF69000A310C /* Preview Assets.xcassets in Resources */,
				DF48DA59279EAF8E000A310C /* landmarkData.json in Resources */,
				DF48DA50279EAF8E000A310C /* hikeData.json in Resources */,
				DF48DA22279DCF69000A310C /* Assets.xcassets in Resources */,
				DF48DA5A279EAF8E000A310C /* Assets.xcassets in Resources */,
			);
			runOnlyForDeploymentPostprocessing = 0;
		};
		DF48DA2A279DCF69000A310C /* Resources */ = {
			isa = PBXResourcesBuildPhase;
			buildActionMask = 2147483647;
			files = (
			);
			runOnlyForDeploymentPostprocessing = 0;
		};
		DF48DA34279DCF69000A310C /* Resources */ = {
			isa = PBXResourcesBuildPhase;
			buildActionMask = 2147483647;
			files = (
			);
			runOnlyForDeploymentPostprocessing = 0;
		};
		DFF427DC278CBC3B00D580E0 /* Resources */ = {
			isa = PBXResourcesBuildPhase;
			buildActionMask = 2147483647;
			files = (
				DF0CF7282795BF55000F0CB8 /* hikeData.json in Resources */,
				DFF427E9278CBC3C00D580E0 /* Preview Assets.xcassets in Resources */,
				DFF427E6278CBC3C00D580E0 /* Assets.xcassets in Resources */,
				DFF42817278E1D6C00D580E0 /* landmarkData.json in Resources */,
			);
			runOnlyForDeploymentPostprocessing = 0;
		};
		DFF427EC278CBC3D00D580E0 /* Resources */ = {
			isa = PBXResourcesBuildPhase;
			buildActionMask = 2147483647;
			files = (
			);
			runOnlyForDeploymentPostprocessing = 0;
		};
		DFF427F6278CBC3D00D580E0 /* Resources */ = {
			isa = PBXResourcesBuildPhase;
			buildActionMask = 2147483647;
			files = (
			);
			runOnlyForDeploymentPostprocessing = 0;
		};
/* End PBXResourcesBuildPhase section */

/* Begin PBXShellScriptBuildPhase section */
		DFF4280C278CBD3800D580E0 /* SwiftLint */ = {
			isa = PBXShellScriptBuildPhase;
			buildActionMask = 2147483647;
			files = (
			);
			inputFileListPaths = (
			);
			inputPaths = (
			);
			name = SwiftLint;
			outputFileListPaths = (
			);
			outputPaths = (
			);
			runOnlyForDeploymentPostprocessing = 0;
			shellPath = /bin/sh;
			shellScript = "if which swiftlint >/dev/null; then\n    swiftlint --fix && swiftlint\nelse\n    echo \"warning: SwiftLint not installed, download from https://github.com/realm/SwiftLint\"\nfi\n";
		};
/* End PBXShellScriptBuildPhase section */

/* Begin PBXSourcesBuildPhase section */
		DF255DDE279ED9F2003B0293 /* Sources */ = {
			isa = PBXSourcesBuildPhase;
			buildActionMask = 2147483647;
			files = (
				DF255DE7279ED9F2003B0293 /* ContentView.swift in Sources */,
				DF255DE5279ED9F2003B0293 /* MacLandmarksApp.swift in Sources */,
			);
			runOnlyForDeploymentPostprocessing = 0;
		};
		DF255DEE279ED9F4003B0293 /* Sources */ = {
			isa = PBXSourcesBuildPhase;
			buildActionMask = 2147483647;
			files = (
				DF255DF7279ED9F4003B0293 /* MacLandmarksTests.swift in Sources */,
			);
			runOnlyForDeploymentPostprocessing = 0;
		};
		DF255DF8279ED9F4003B0293 /* Sources */ = {
			isa = PBXSourcesBuildPhase;
			buildActionMask = 2147483647;
			files = (
				DF255E03279ED9F4003B0293 /* MacLandmarksUITestsLaunchTests.swift in Sources */,
				DF255E01279ED9F4003B0293 /* MacLandmarksUITests.swift in Sources */,
			);
			runOnlyForDeploymentPostprocessing = 0;
		};
		DF48DA0E279DCF68000A310C /* Sources */ = {
			isa = PBXSourcesBuildPhase;
			buildActionMask = 2147483647;
			files = (
				DF48DA1C279DCF68000A310C /* NotificationController.swift in Sources */,
				DF48DA57279EAF8E000A310C /* Profile.swift in Sources */,
				DF48DA1A279DCF68000A310C /* ContentView.swift in Sources */,
				DF48DA20279DCF68000A310C /* ComplicationController.swift in Sources */,
				DF48DA58279EAF8E000A310C /* MapView.swift in Sources */,
				DF48DA53279EAF8E000A310C /* Landmark.swift in Sources */,
				DF48DA5C279EB43D000A310C /* LandmarkDetail.swift in Sources */,
				DF48DA52279EAF8E000A310C /* Hike.swift in Sources */,
				DF48DA4F279EAF8E000A310C /* LandmarksApp.swift in Sources */,
				DF48DA1E279DCF68000A310C /* NotificationView.swift in Sources */,
				DF48DA56279EAF8E000A310C /* ModelData.swift in Sources */,
				DF48DA51279EAF8E000A310C /* CircleImage.swift in Sources */,
				DF48DA54279EAF8E000A310C /* LandmarkRow.swift in Sources */,
				DF48DA55279EAF8E000A310C /* LandmarkList.swift in Sources */,
			);
			runOnlyForDeploymentPostprocessing = 0;
		};
		DF48DA28279DCF69000A310C /* Sources */ = {
			isa = PBXSourcesBuildPhase;
			buildActionMask = 2147483647;
			files = (
				DF48DA31279DCF69000A310C /* WatchLandmarksTests.swift in Sources */,
			);
			runOnlyForDeploymentPostprocessing = 0;
		};
		DF48DA32279DCF69000A310C /* Sources */ = {
			isa = PBXSourcesBuildPhase;
			buildActionMask = 2147483647;
			files = (
				DF48DA3D279DCF69000A310C /* WatchLandmarksUITestsLaunchTests.swift in Sources */,
				DF48DA3B279DCF69000A310C /* WatchLandmarksUITests.swift in Sources */,
			);
			runOnlyForDeploymentPostprocessing = 0;
		};
		DFF427DA278CBC3B00D580E0 /* Sources */ = {
			isa = PBXSourcesBuildPhase;
			buildActionMask = 2147483647;
			files = (
				DFD2605F2795FF4C00A15812 /* CategoryRow.swift in Sources */,
				DFD26063279754EF00A15812 /* Profile.swift in Sources */,
				DFF427E4278CBC3B00D580E0 /* ContentView.swift in Sources */,
				DF0CF7392795F529000F0CB8 /* CategoryHome.swift in Sources */,
				DF48DA01279C4F25000A310C /* FeatureCard.swift in Sources */,
				DF0CF7342795D2AB000F0CB8 /* HikeGraph.swift in Sources */,
				DF0CF7252795B86D000F0CB8 /* Badge.swift in Sources */,
				DFF42810278CC9EF00D580E0 /* MapView.swift in Sources */,
				DF0CF7332795D2AB000F0CB8 /* GraphCapsule.swift in Sources */,
				DFF42825278F7CEA00D580E0 /* LandmarkDetail.swift in Sources */,
				DF48DA07279DC289000A310C /* PageControl.swift in Sources */,
				DFF42823278E2B7800D580E0 /* LandmarkList.swift in Sources */,
				DFD260612796044000A15812 /* CategoryItem.swift in Sources */,
				DF0CF7352795D2AB000F0CB8 /* HikeDetail.swift in Sources */,
				DFD260682797578300A15812 /* ProfileSummary.swift in Sources */,
				DF51C9782795A46100099629 /* HexagonParameters.swift in Sources */,
				DFD260662797567600A15812 /* ProfileHost.swift in Sources */,
				DF0CF72A2795CCA8000F0CB8 /* Hike.swift in Sources */,
				DF0CF7232795B727000F0CB8 /* RotatedBadgeSymbol.swift in Sources */,
				DF48DA03279C535B000A310C /* PageView.swift in Sources */,
				DF0CF7212795B47C000F0CB8 /* BadgeSymbol.swift in Sources */,
				DF48D9FC279B52AC000A310C /* ProfileEditor.swift in Sources */,
				DFF4280E278CC72100D580E0 /* CircleImage.swift in Sources */,
				DF0CF7362795D2AB000F0CB8 /* HikeView.swift in Sources */,
				DFF427E2278CBC3B00D580E0 /* LandmarksApp.swift in Sources */,
				DF48D9FF279C47FA000A310C /* PageViewController.swift in Sources */,
				DF51C97A2795A68300099629 /* BadgeBackground.swift in Sources */,
				DFD2606A2797589900A15812 /* HikeBadge.swift in Sources */,
				DFF4281F278E27A000D580E0 /* LandmarkRow.swift in Sources */,
				DFF4281B278E1E3900D580E0 /* Landmark.swift in Sources */,
				DF817BD327958C3C00B12719 /* FavoriteButton.swift in Sources */,
				DFF4281D278E245200D580E0 /* ModelData.swift in Sources */,
			);
			runOnlyForDeploymentPostprocessing = 0;
		};
		DFF427EA278CBC3D00D580E0 /* Sources */ = {
			isa = PBXSourcesBuildPhase;
			buildActionMask = 2147483647;
			files = (
				DFF427F3278CBC3D00D580E0 /* LandmarksTests.swift in Sources */,
			);
			runOnlyForDeploymentPostprocessing = 0;
		};
		DFF427F4278CBC3D00D580E0 /* Sources */ = {
			isa = PBXSourcesBuildPhase;
			buildActionMask = 2147483647;
			files = (
				DFF427FF278CBC3D00D580E0 /* LandmarksUITestsLaunchTests.swift in Sources */,
				DFF427FD278CBC3D00D580E0 /* LandmarksUITests.swift in Sources */,
			);
			runOnlyForDeploymentPostprocessing = 0;
		};
/* End PBXSourcesBuildPhase section */

/* Begin PBXTargetDependency section */
		DF255DF4279ED9F4003B0293 /* PBXTargetDependency */ = {
			isa = PBXTargetDependency;
			target = DF255DE1279ED9F2003B0293 /* MacLandmarks */;
			targetProxy = DF255DF3279ED9F4003B0293 /* PBXContainerItemProxy */;
		};
		DF255DFE279ED9F4003B0293 /* PBXTargetDependency */ = {
			isa = PBXTargetDependency;
			target = DF255DE1279ED9F2003B0293 /* MacLandmarks */;
			targetProxy = DF255DFD279ED9F4003B0293 /* PBXContainerItemProxy */;
		};
		DF48DA15279DCF68000A310C /* PBXTargetDependency */ = {
			isa = PBXTargetDependency;
			target = DF48DA11279DCF68000A310C /* WatchLandmarks WatchKit Extension */;
			targetProxy = DF48DA14279DCF68000A310C /* PBXContainerItemProxy */;
		};
		DF48DA2E279DCF69000A310C /* PBXTargetDependency */ = {
			isa = PBXTargetDependency;
			target = DF48DA11279DCF68000A310C /* WatchLandmarks WatchKit Extension */;
			targetProxy = DF48DA2D279DCF69000A310C /* PBXContainerItemProxy */;
		};
		DF48DA38279DCF69000A310C /* PBXTargetDependency */ = {
			isa = PBXTargetDependency;
			target = DF48DA09279DCF66000A310C /* WatchLandmarks */;
			targetProxy = DF48DA37279DCF69000A310C /* PBXContainerItemProxy */;
		};
		DF48DA3F279DCF69000A310C /* PBXTargetDependency */ = {
			isa = PBXTargetDependency;
			target = DF48DA09279DCF66000A310C /* WatchLandmarks */;
			targetProxy = DF48DA3E279DCF69000A310C /* PBXContainerItemProxy */;
		};
		DFF427F0278CBC3D00D580E0 /* PBXTargetDependency */ = {
			isa = PBXTargetDependency;
			target = DFF427DD278CBC3B00D580E0 /* Landmarks */;
			targetProxy = DFF427EF278CBC3D00D580E0 /* PBXContainerItemProxy */;
		};
		DFF427FA278CBC3D00D580E0 /* PBXTargetDependency */ = {
			isa = PBXTargetDependency;
			target = DFF427DD278CBC3B00D580E0 /* Landmarks */;
			targetProxy = DFF427F9278CBC3D00D580E0 /* PBXContainerItemProxy */;
		};
/* End PBXTargetDependency section */

/* Begin XCBuildConfiguration section */
		DF255E05279ED9F4003B0293 /* Debug */ = {
			isa = XCBuildConfiguration;
			buildSettings = {
				ASSETCATALOG_COMPILER_APPICON_NAME = AppIcon;
				ASSETCATALOG_COMPILER_GLOBAL_ACCENT_COLOR_NAME = AccentColor;
				CODE_SIGN_ENTITLEMENTS = MacLandmarks/MacLandmarks.entitlements;
				CODE_SIGN_STYLE = Automatic;
				COMBINE_HIDPI_IMAGES = YES;
				CURRENT_PROJECT_VERSION = 1;
				DEVELOPMENT_ASSET_PATHS = "\"MacLandmarks/Preview Content\"";
				DEVELOPMENT_TEAM = 3H9LYTUKJE;
				ENABLE_HARDENED_RUNTIME = YES;
				ENABLE_PREVIEWS = YES;
				GENERATE_INFOPLIST_FILE = YES;
				INFOPLIST_KEY_NSHumanReadableCopyright = "";
				LD_RUNPATH_SEARCH_PATHS = (
					"$(inherited)",
					"@executable_path/../Frameworks",
				);
				MACOSX_DEPLOYMENT_TARGET = 12.1;
				MARKETING_VERSION = 1.0;
				PRODUCT_BUNDLE_IDENTIFIER = de.sportfloh.MacLandmarks;
				PRODUCT_NAME = "$(TARGET_NAME)";
				SDKROOT = macosx;
				SWIFT_EMIT_LOC_STRINGS = YES;
				SWIFT_VERSION = 5.0;
			};
			name = Debug;
		};
		DF255E06279ED9F4003B0293 /* Release */ = {
			isa = XCBuildConfiguration;
			buildSettings = {
				ASSETCATALOG_COMPILER_APPICON_NAME = AppIcon;
				ASSETCATALOG_COMPILER_GLOBAL_ACCENT_COLOR_NAME = AccentColor;
				CODE_SIGN_ENTITLEMENTS = MacLandmarks/MacLandmarks.entitlements;
				CODE_SIGN_STYLE = Automatic;
				COMBINE_HIDPI_IMAGES = YES;
				CURRENT_PROJECT_VERSION = 1;
				DEVELOPMENT_ASSET_PATHS = "\"MacLandmarks/Preview Content\"";
				DEVELOPMENT_TEAM = 3H9LYTUKJE;
				ENABLE_HARDENED_RUNTIME = YES;
				ENABLE_PREVIEWS = YES;
				GENERATE_INFOPLIST_FILE = YES;
				INFOPLIST_KEY_NSHumanReadableCopyright = "";
				LD_RUNPATH_SEARCH_PATHS = (
					"$(inherited)",
					"@executable_path/../Frameworks",
				);
				MACOSX_DEPLOYMENT_TARGET = 12.1;
				MARKETING_VERSION = 1.0;
				PRODUCT_BUNDLE_IDENTIFIER = de.sportfloh.MacLandmarks;
				PRODUCT_NAME = "$(TARGET_NAME)";
				SDKROOT = macosx;
				SWIFT_EMIT_LOC_STRINGS = YES;
				SWIFT_VERSION = 5.0;
			};
			name = Release;
		};
		DF255E08279ED9F4003B0293 /* Debug */ = {
			isa = XCBuildConfiguration;
			buildSettings = {
				ALWAYS_EMBED_SWIFT_STANDARD_LIBRARIES = YES;
				BUNDLE_LOADER = "$(TEST_HOST)";
				CODE_SIGN_STYLE = Automatic;
				CURRENT_PROJECT_VERSION = 1;
				DEVELOPMENT_TEAM = 3H9LYTUKJE;
				GENERATE_INFOPLIST_FILE = YES;
				MACOSX_DEPLOYMENT_TARGET = 12.1;
				MARKETING_VERSION = 1.0;
				PRODUCT_BUNDLE_IDENTIFIER = de.sportfloh.MacLandmarksTests;
				PRODUCT_NAME = "$(TARGET_NAME)";
				SDKROOT = macosx;
				SWIFT_EMIT_LOC_STRINGS = NO;
				SWIFT_VERSION = 5.0;
				TEST_HOST = "$(BUILT_PRODUCTS_DIR)/MacLandmarks.app/Contents/MacOS/MacLandmarks";
			};
			name = Debug;
		};
		DF255E09279ED9F4003B0293 /* Release */ = {
			isa = XCBuildConfiguration;
			buildSettings = {
				ALWAYS_EMBED_SWIFT_STANDARD_LIBRARIES = YES;
				BUNDLE_LOADER = "$(TEST_HOST)";
				CODE_SIGN_STYLE = Automatic;
				CURRENT_PROJECT_VERSION = 1;
				DEVELOPMENT_TEAM = 3H9LYTUKJE;
				GENERATE_INFOPLIST_FILE = YES;
				MACOSX_DEPLOYMENT_TARGET = 12.1;
				MARKETING_VERSION = 1.0;
				PRODUCT_BUNDLE_IDENTIFIER = de.sportfloh.MacLandmarksTests;
				PRODUCT_NAME = "$(TARGET_NAME)";
				SDKROOT = macosx;
				SWIFT_EMIT_LOC_STRINGS = NO;
				SWIFT_VERSION = 5.0;
				TEST_HOST = "$(BUILT_PRODUCTS_DIR)/MacLandmarks.app/Contents/MacOS/MacLandmarks";
			};
			name = Release;
		};
		DF255E0B279ED9F4003B0293 /* Debug */ = {
			isa = XCBuildConfiguration;
			buildSettings = {
				ALWAYS_EMBED_SWIFT_STANDARD_LIBRARIES = YES;
				CODE_SIGN_STYLE = Automatic;
				CURRENT_PROJECT_VERSION = 1;
				DEVELOPMENT_TEAM = 3H9LYTUKJE;
				GENERATE_INFOPLIST_FILE = YES;
				MACOSX_DEPLOYMENT_TARGET = 12.1;
				MARKETING_VERSION = 1.0;
				PRODUCT_BUNDLE_IDENTIFIER = de.sportfloh.MacLandmarksUITests;
				PRODUCT_NAME = "$(TARGET_NAME)";
				SDKROOT = macosx;
				SWIFT_EMIT_LOC_STRINGS = NO;
				SWIFT_VERSION = 5.0;
				TEST_TARGET_NAME = MacLandmarks;
			};
			name = Debug;
		};
		DF255E0C279ED9F4003B0293 /* Release */ = {
			isa = XCBuildConfiguration;
			buildSettings = {
				ALWAYS_EMBED_SWIFT_STANDARD_LIBRARIES = YES;
				CODE_SIGN_STYLE = Automatic;
				CURRENT_PROJECT_VERSION = 1;
				DEVELOPMENT_TEAM = 3H9LYTUKJE;
				GENERATE_INFOPLIST_FILE = YES;
				MACOSX_DEPLOYMENT_TARGET = 12.1;
				MARKETING_VERSION = 1.0;
				PRODUCT_BUNDLE_IDENTIFIER = de.sportfloh.MacLandmarksUITests;
				PRODUCT_NAME = "$(TARGET_NAME)";
				SDKROOT = macosx;
				SWIFT_EMIT_LOC_STRINGS = NO;
				SWIFT_VERSION = 5.0;
				TEST_TARGET_NAME = MacLandmarks;
			};
			name = Release;
		};
		DF48DA42279DCF69000A310C /* Debug */ = {
			isa = XCBuildConfiguration;
			buildSettings = {
				ASSETCATALOG_COMPILER_COMPLICATION_NAME = Complication;
				CODE_SIGN_STYLE = Automatic;
				CURRENT_PROJECT_VERSION = 1;
				DEVELOPMENT_ASSET_PATHS = "\"WatchLandmarks WatchKit Extension/Resources/Preview Content\"";
				DEVELOPMENT_TEAM = 3H9LYTUKJE;
				ENABLE_PREVIEWS = YES;
				GENERATE_INFOPLIST_FILE = YES;
				INFOPLIST_FILE = "WatchLandmarks WatchKit Extension/Info.plist";
				INFOPLIST_KEY_CFBundleDisplayName = "WatchLandmarks WatchKit Extension";
				INFOPLIST_KEY_CLKComplicationPrincipalClass = "$(PRODUCT_MODULE_NAME).ComplicationController";
				INFOPLIST_KEY_NSHumanReadableCopyright = "";
				LD_RUNPATH_SEARCH_PATHS = (
					"$(inherited)",
					"@executable_path/Frameworks",
					"@executable_path/../../Frameworks",
				);
				MARKETING_VERSION = 1.0;
				PRODUCT_BUNDLE_IDENTIFIER = de.sportfloh.Landmarks.watchkitapp.watchkitextension;
				PRODUCT_NAME = "${TARGET_NAME}";
				SDKROOT = watchos;
				SKIP_INSTALL = YES;
				SWIFT_EMIT_LOC_STRINGS = YES;
				SWIFT_VERSION = 5.0;
				TARGETED_DEVICE_FAMILY = 4;
				WATCHOS_DEPLOYMENT_TARGET = 8.3;
			};
			name = Debug;
		};
		DF48DA43279DCF69000A310C /* Release */ = {
			isa = XCBuildConfiguration;
			buildSettings = {
				ASSETCATALOG_COMPILER_COMPLICATION_NAME = Complication;
				CODE_SIGN_STYLE = Automatic;
				CURRENT_PROJECT_VERSION = 1;
				DEVELOPMENT_ASSET_PATHS = "\"WatchLandmarks WatchKit Extension/Resources/Preview Content\"";
				DEVELOPMENT_TEAM = 3H9LYTUKJE;
				ENABLE_PREVIEWS = YES;
				GENERATE_INFOPLIST_FILE = YES;
				INFOPLIST_FILE = "WatchLandmarks WatchKit Extension/Info.plist";
				INFOPLIST_KEY_CFBundleDisplayName = "WatchLandmarks WatchKit Extension";
				INFOPLIST_KEY_CLKComplicationPrincipalClass = "$(PRODUCT_MODULE_NAME).ComplicationController";
				INFOPLIST_KEY_NSHumanReadableCopyright = "";
				LD_RUNPATH_SEARCH_PATHS = (
					"$(inherited)",
					"@executable_path/Frameworks",
					"@executable_path/../../Frameworks",
				);
				MARKETING_VERSION = 1.0;
				PRODUCT_BUNDLE_IDENTIFIER = de.sportfloh.Landmarks.watchkitapp.watchkitextension;
				PRODUCT_NAME = "${TARGET_NAME}";
				SDKROOT = watchos;
				SKIP_INSTALL = YES;
				SWIFT_EMIT_LOC_STRINGS = YES;
				SWIFT_VERSION = 5.0;
				TARGETED_DEVICE_FAMILY = 4;
				WATCHOS_DEPLOYMENT_TARGET = 8.3;
			};
			name = Release;
		};
		DF48DA46279DCF69000A310C /* Debug */ = {
			isa = XCBuildConfiguration;
			buildSettings = {
				ALWAYS_EMBED_SWIFT_STANDARD_LIBRARIES = YES;
				ASSETCATALOG_COMPILER_APPICON_NAME = AppIcon;
				ASSETCATALOG_COMPILER_GLOBAL_ACCENT_COLOR_NAME = AccentColor;
				CODE_SIGN_STYLE = Automatic;
				CURRENT_PROJECT_VERSION = 1;
				DEVELOPMENT_TEAM = 3H9LYTUKJE;
				GENERATE_INFOPLIST_FILE = YES;
				IBSC_MODULE = WatchLandmarks_WatchKit_Extension;
				INFOPLIST_KEY_CFBundleDisplayName = WatchLandmarks;
				INFOPLIST_KEY_UISupportedInterfaceOrientations = "UIInterfaceOrientationPortrait UIInterfaceOrientationPortraitUpsideDown";
				INFOPLIST_KEY_WKCompanionAppBundleIdentifier = de.sportfloh.Landmarks;
				MARKETING_VERSION = 1.0;
				PRODUCT_BUNDLE_IDENTIFIER = de.sportfloh.Landmarks.watchkitapp;
				PRODUCT_NAME = "$(TARGET_NAME)";
				SDKROOT = watchos;
				SKIP_INSTALL = YES;
				SWIFT_EMIT_LOC_STRINGS = YES;
				SWIFT_VERSION = 5.0;
				TARGETED_DEVICE_FAMILY = 4;
				WATCHOS_DEPLOYMENT_TARGET = 8.3;
			};
			name = Debug;
		};
		DF48DA47279DCF69000A310C /* Release */ = {
			isa = XCBuildConfiguration;
			buildSettings = {
				ALWAYS_EMBED_SWIFT_STANDARD_LIBRARIES = YES;
				ASSETCATALOG_COMPILER_APPICON_NAME = AppIcon;
				ASSETCATALOG_COMPILER_GLOBAL_ACCENT_COLOR_NAME = AccentColor;
				CODE_SIGN_STYLE = Automatic;
				CURRENT_PROJECT_VERSION = 1;
				DEVELOPMENT_TEAM = 3H9LYTUKJE;
				GENERATE_INFOPLIST_FILE = YES;
				IBSC_MODULE = WatchLandmarks_WatchKit_Extension;
				INFOPLIST_KEY_CFBundleDisplayName = WatchLandmarks;
				INFOPLIST_KEY_UISupportedInterfaceOrientations = "UIInterfaceOrientationPortrait UIInterfaceOrientationPortraitUpsideDown";
				INFOPLIST_KEY_WKCompanionAppBundleIdentifier = de.sportfloh.Landmarks;
				MARKETING_VERSION = 1.0;
				PRODUCT_BUNDLE_IDENTIFIER = de.sportfloh.Landmarks.watchkitapp;
				PRODUCT_NAME = "$(TARGET_NAME)";
				SDKROOT = watchos;
				SKIP_INSTALL = YES;
				SWIFT_EMIT_LOC_STRINGS = YES;
				SWIFT_VERSION = 5.0;
				TARGETED_DEVICE_FAMILY = 4;
				WATCHOS_DEPLOYMENT_TARGET = 8.3;
			};
			name = Release;
		};
		DF48DA4A279DCF69000A310C /* Debug */ = {
			isa = XCBuildConfiguration;
			buildSettings = {
				ALWAYS_EMBED_SWIFT_STANDARD_LIBRARIES = YES;
				BUNDLE_LOADER = "$(TEST_HOST)";
				CODE_SIGN_STYLE = Automatic;
				CURRENT_PROJECT_VERSION = 1;
				DEVELOPMENT_TEAM = 3H9LYTUKJE;
				GENERATE_INFOPLIST_FILE = YES;
				MARKETING_VERSION = 1.0;
				PRODUCT_BUNDLE_IDENTIFIER = de.sportfloh.Landmarks.WatchLandmarksTests;
				PRODUCT_NAME = "$(TARGET_NAME)";
				SDKROOT = watchos;
				SWIFT_EMIT_LOC_STRINGS = NO;
				SWIFT_VERSION = 5.0;
				TARGETED_DEVICE_FAMILY = 4;
				TEST_HOST = "$(BUILT_PRODUCTS_DIR)/WatchLandmarks WatchKit Extension.appex/WatchLandmarks WatchKit Extension";
				WATCHOS_DEPLOYMENT_TARGET = 8.3;
			};
			name = Debug;
		};
		DF48DA4B279DCF69000A310C /* Release */ = {
			isa = XCBuildConfiguration;
			buildSettings = {
				ALWAYS_EMBED_SWIFT_STANDARD_LIBRARIES = YES;
				BUNDLE_LOADER = "$(TEST_HOST)";
				CODE_SIGN_STYLE = Automatic;
				CURRENT_PROJECT_VERSION = 1;
				DEVELOPMENT_TEAM = 3H9LYTUKJE;
				GENERATE_INFOPLIST_FILE = YES;
				MARKETING_VERSION = 1.0;
				PRODUCT_BUNDLE_IDENTIFIER = de.sportfloh.Landmarks.WatchLandmarksTests;
				PRODUCT_NAME = "$(TARGET_NAME)";
				SDKROOT = watchos;
				SWIFT_EMIT_LOC_STRINGS = NO;
				SWIFT_VERSION = 5.0;
				TARGETED_DEVICE_FAMILY = 4;
				TEST_HOST = "$(BUILT_PRODUCTS_DIR)/WatchLandmarks WatchKit Extension.appex/WatchLandmarks WatchKit Extension";
				WATCHOS_DEPLOYMENT_TARGET = 8.3;
			};
			name = Release;
		};
		DF48DA4D279DCF69000A310C /* Debug */ = {
			isa = XCBuildConfiguration;
			buildSettings = {
				CODE_SIGN_STYLE = Automatic;
				CURRENT_PROJECT_VERSION = 1;
				DEVELOPMENT_TEAM = 3H9LYTUKJE;
				GENERATE_INFOPLIST_FILE = YES;
				MARKETING_VERSION = 1.0;
				PRODUCT_BUNDLE_IDENTIFIER = de.sportfloh.Landmarks.WatchLandmarksUITests;
				PRODUCT_NAME = "$(TARGET_NAME)";
				SDKROOT = watchos;
				SWIFT_EMIT_LOC_STRINGS = NO;
				SWIFT_VERSION = 5.0;
				TARGETED_DEVICE_FAMILY = 4;
				TEST_TARGET_NAME = WatchLandmarks;
				WATCHOS_DEPLOYMENT_TARGET = 8.3;
			};
			name = Debug;
		};
		DF48DA4E279DCF69000A310C /* Release */ = {
			isa = XCBuildConfiguration;
			buildSettings = {
				CODE_SIGN_STYLE = Automatic;
				CURRENT_PROJECT_VERSION = 1;
				DEVELOPMENT_TEAM = 3H9LYTUKJE;
				GENERATE_INFOPLIST_FILE = YES;
				MARKETING_VERSION = 1.0;
				PRODUCT_BUNDLE_IDENTIFIER = de.sportfloh.Landmarks.WatchLandmarksUITests;
				PRODUCT_NAME = "$(TARGET_NAME)";
				SDKROOT = watchos;
				SWIFT_EMIT_LOC_STRINGS = NO;
				SWIFT_VERSION = 5.0;
				TARGETED_DEVICE_FAMILY = 4;
				TEST_TARGET_NAME = WatchLandmarks;
				WATCHOS_DEPLOYMENT_TARGET = 8.3;
			};
			name = Release;
		};
		DFF42800278CBC3D00D580E0 /* Debug */ = {
			isa = XCBuildConfiguration;
			buildSettings = {
				ALWAYS_SEARCH_USER_PATHS = NO;
				CLANG_ANALYZER_NONNULL = YES;
				CLANG_ANALYZER_NUMBER_OBJECT_CONVERSION = YES_AGGRESSIVE;
				CLANG_CXX_LANGUAGE_STANDARD = "gnu++17";
				CLANG_CXX_LIBRARY = "libc++";
				CLANG_ENABLE_MODULES = YES;
				CLANG_ENABLE_OBJC_ARC = YES;
				CLANG_ENABLE_OBJC_WEAK = YES;
				CLANG_WARN_BLOCK_CAPTURE_AUTORELEASING = YES;
				CLANG_WARN_BOOL_CONVERSION = YES;
				CLANG_WARN_COMMA = YES;
				CLANG_WARN_CONSTANT_CONVERSION = YES;
				CLANG_WARN_DEPRECATED_OBJC_IMPLEMENTATIONS = YES;
				CLANG_WARN_DIRECT_OBJC_ISA_USAGE = YES_ERROR;
				CLANG_WARN_DOCUMENTATION_COMMENTS = YES;
				CLANG_WARN_EMPTY_BODY = YES;
				CLANG_WARN_ENUM_CONVERSION = YES;
				CLANG_WARN_INFINITE_RECURSION = YES;
				CLANG_WARN_INT_CONVERSION = YES;
				CLANG_WARN_NON_LITERAL_NULL_CONVERSION = YES;
				CLANG_WARN_OBJC_IMPLICIT_RETAIN_SELF = YES;
				CLANG_WARN_OBJC_LITERAL_CONVERSION = YES;
				CLANG_WARN_OBJC_ROOT_CLASS = YES_ERROR;
				CLANG_WARN_QUOTED_INCLUDE_IN_FRAMEWORK_HEADER = YES;
				CLANG_WARN_RANGE_LOOP_ANALYSIS = YES;
				CLANG_WARN_STRICT_PROTOTYPES = YES;
				CLANG_WARN_SUSPICIOUS_MOVE = YES;
				CLANG_WARN_UNGUARDED_AVAILABILITY = YES_AGGRESSIVE;
				CLANG_WARN_UNREACHABLE_CODE = YES;
				CLANG_WARN__DUPLICATE_METHOD_MATCH = YES;
				COPY_PHASE_STRIP = NO;
				DEBUG_INFORMATION_FORMAT = dwarf;
				ENABLE_STRICT_OBJC_MSGSEND = YES;
				ENABLE_TESTABILITY = YES;
				GCC_C_LANGUAGE_STANDARD = gnu11;
				GCC_DYNAMIC_NO_PIC = NO;
				GCC_NO_COMMON_BLOCKS = YES;
				GCC_OPTIMIZATION_LEVEL = 0;
				GCC_PREPROCESSOR_DEFINITIONS = (
					"DEBUG=1",
					"$(inherited)",
				);
				GCC_WARN_64_TO_32_BIT_CONVERSION = YES;
				GCC_WARN_ABOUT_RETURN_TYPE = YES_ERROR;
				GCC_WARN_UNDECLARED_SELECTOR = YES;
				GCC_WARN_UNINITIALIZED_AUTOS = YES_AGGRESSIVE;
				GCC_WARN_UNUSED_FUNCTION = YES;
				GCC_WARN_UNUSED_VARIABLE = YES;
				IPHONEOS_DEPLOYMENT_TARGET = 15.2;
				MTL_ENABLE_DEBUG_INFO = INCLUDE_SOURCE;
				MTL_FAST_MATH = YES;
				ONLY_ACTIVE_ARCH = YES;
				SDKROOT = iphoneos;
				SWIFT_ACTIVE_COMPILATION_CONDITIONS = DEBUG;
				SWIFT_OPTIMIZATION_LEVEL = "-Onone";
			};
			name = Debug;
		};
		DFF42801278CBC3D00D580E0 /* Release */ = {
			isa = XCBuildConfiguration;
			buildSettings = {
				ALWAYS_SEARCH_USER_PATHS = NO;
				CLANG_ANALYZER_NONNULL = YES;
				CLANG_ANALYZER_NUMBER_OBJECT_CONVERSION = YES_AGGRESSIVE;
				CLANG_CXX_LANGUAGE_STANDARD = "gnu++17";
				CLANG_CXX_LIBRARY = "libc++";
				CLANG_ENABLE_MODULES = YES;
				CLANG_ENABLE_OBJC_ARC = YES;
				CLANG_ENABLE_OBJC_WEAK = YES;
				CLANG_WARN_BLOCK_CAPTURE_AUTORELEASING = YES;
				CLANG_WARN_BOOL_CONVERSION = YES;
				CLANG_WARN_COMMA = YES;
				CLANG_WARN_CONSTANT_CONVERSION = YES;
				CLANG_WARN_DEPRECATED_OBJC_IMPLEMENTATIONS = YES;
				CLANG_WARN_DIRECT_OBJC_ISA_USAGE = YES_ERROR;
				CLANG_WARN_DOCUMENTATION_COMMENTS = YES;
				CLANG_WARN_EMPTY_BODY = YES;
				CLANG_WARN_ENUM_CONVERSION = YES;
				CLANG_WARN_INFINITE_RECURSION = YES;
				CLANG_WARN_INT_CONVERSION = YES;
				CLANG_WARN_NON_LITERAL_NULL_CONVERSION = YES;
				CLANG_WARN_OBJC_IMPLICIT_RETAIN_SELF = YES;
				CLANG_WARN_OBJC_LITERAL_CONVERSION = YES;
				CLANG_WARN_OBJC_ROOT_CLASS = YES_ERROR;
				CLANG_WARN_QUOTED_INCLUDE_IN_FRAMEWORK_HEADER = YES;
				CLANG_WARN_RANGE_LOOP_ANALYSIS = YES;
				CLANG_WARN_STRICT_PROTOTYPES = YES;
				CLANG_WARN_SUSPICIOUS_MOVE = YES;
				CLANG_WARN_UNGUARDED_AVAILABILITY = YES_AGGRESSIVE;
				CLANG_WARN_UNREACHABLE_CODE = YES;
				CLANG_WARN__DUPLICATE_METHOD_MATCH = YES;
				COPY_PHASE_STRIP = NO;
				DEBUG_INFORMATION_FORMAT = "dwarf-with-dsym";
				ENABLE_NS_ASSERTIONS = NO;
				ENABLE_STRICT_OBJC_MSGSEND = YES;
				GCC_C_LANGUAGE_STANDARD = gnu11;
				GCC_NO_COMMON_BLOCKS = YES;
				GCC_WARN_64_TO_32_BIT_CONVERSION = YES;
				GCC_WARN_ABOUT_RETURN_TYPE = YES_ERROR;
				GCC_WARN_UNDECLARED_SELECTOR = YES;
				GCC_WARN_UNINITIALIZED_AUTOS = YES_AGGRESSIVE;
				GCC_WARN_UNUSED_FUNCTION = YES;
				GCC_WARN_UNUSED_VARIABLE = YES;
				IPHONEOS_DEPLOYMENT_TARGET = 15.2;
				MTL_ENABLE_DEBUG_INFO = NO;
				MTL_FAST_MATH = YES;
				SDKROOT = iphoneos;
				SWIFT_COMPILATION_MODE = wholemodule;
				SWIFT_OPTIMIZATION_LEVEL = "-O";
				VALIDATE_PRODUCT = YES;
			};
			name = Release;
		};
		DFF42803278CBC3D00D580E0 /* Debug */ = {
			isa = XCBuildConfiguration;
			buildSettings = {
				ASSETCATALOG_COMPILER_APPICON_NAME = AppIcon;
				ASSETCATALOG_COMPILER_GLOBAL_ACCENT_COLOR_NAME = AccentColor;
				CODE_SIGN_STYLE = Automatic;
				CURRENT_PROJECT_VERSION = 1;
				DEVELOPMENT_ASSET_PATHS = "\"Landmarks/Resources/Preview Content\"";
				DEVELOPMENT_TEAM = 3H9LYTUKJE;
				ENABLE_PREVIEWS = YES;
				GENERATE_INFOPLIST_FILE = YES;
				INFOPLIST_KEY_UIApplicationSceneManifest_Generation = YES;
				INFOPLIST_KEY_UIApplicationSupportsIndirectInputEvents = YES;
				INFOPLIST_KEY_UILaunchScreen_Generation = YES;
				INFOPLIST_KEY_UISupportedInterfaceOrientations_iPad = "UIInterfaceOrientationPortrait UIInterfaceOrientationPortraitUpsideDown UIInterfaceOrientationLandscapeLeft UIInterfaceOrientationLandscapeRight";
				INFOPLIST_KEY_UISupportedInterfaceOrientations_iPhone = "UIInterfaceOrientationPortrait UIInterfaceOrientationLandscapeLeft UIInterfaceOrientationLandscapeRight";
				LD_RUNPATH_SEARCH_PATHS = (
					"$(inherited)",
					"@executable_path/Frameworks",
				);
				MARKETING_VERSION = 1.0;
				PRODUCT_BUNDLE_IDENTIFIER = de.sportfloh.Landmarks;
				PRODUCT_NAME = "$(TARGET_NAME)";
				SWIFT_EMIT_LOC_STRINGS = YES;
				SWIFT_VERSION = 5.0;
				TARGETED_DEVICE_FAMILY = "1,2";
			};
			name = Debug;
		};
		DFF42804278CBC3D00D580E0 /* Release */ = {
			isa = XCBuildConfiguration;
			buildSettings = {
				ASSETCATALOG_COMPILER_APPICON_NAME = AppIcon;
				ASSETCATALOG_COMPILER_GLOBAL_ACCENT_COLOR_NAME = AccentColor;
				CODE_SIGN_STYLE = Automatic;
				CURRENT_PROJECT_VERSION = 1;
				DEVELOPMENT_ASSET_PATHS = "\"Landmarks/Resources/Preview Content\"";
				DEVELOPMENT_TEAM = 3H9LYTUKJE;
				ENABLE_PREVIEWS = YES;
				GENERATE_INFOPLIST_FILE = YES;
				INFOPLIST_KEY_UIApplicationSceneManifest_Generation = YES;
				INFOPLIST_KEY_UIApplicationSupportsIndirectInputEvents = YES;
				INFOPLIST_KEY_UILaunchScreen_Generation = YES;
				INFOPLIST_KEY_UISupportedInterfaceOrientations_iPad = "UIInterfaceOrientationPortrait UIInterfaceOrientationPortraitUpsideDown UIInterfaceOrientationLandscapeLeft UIInterfaceOrientationLandscapeRight";
				INFOPLIST_KEY_UISupportedInterfaceOrientations_iPhone = "UIInterfaceOrientationPortrait UIInterfaceOrientationLandscapeLeft UIInterfaceOrientationLandscapeRight";
				LD_RUNPATH_SEARCH_PATHS = (
					"$(inherited)",
					"@executable_path/Frameworks",
				);
				MARKETING_VERSION = 1.0;
				PRODUCT_BUNDLE_IDENTIFIER = de.sportfloh.Landmarks;
				PRODUCT_NAME = "$(TARGET_NAME)";
				SWIFT_EMIT_LOC_STRINGS = YES;
				SWIFT_VERSION = 5.0;
				TARGETED_DEVICE_FAMILY = "1,2";
			};
			name = Release;
		};
		DFF42806278CBC3D00D580E0 /* Debug */ = {
			isa = XCBuildConfiguration;
			buildSettings = {
				ALWAYS_EMBED_SWIFT_STANDARD_LIBRARIES = YES;
				BUNDLE_LOADER = "$(TEST_HOST)";
				CODE_SIGN_STYLE = Automatic;
				CURRENT_PROJECT_VERSION = 1;
				DEVELOPMENT_TEAM = 3H9LYTUKJE;
				GENERATE_INFOPLIST_FILE = YES;
				IPHONEOS_DEPLOYMENT_TARGET = 15.2;
				MARKETING_VERSION = 1.0;
				PRODUCT_BUNDLE_IDENTIFIER = de.sportfloh.LandmarksTests;
				PRODUCT_NAME = "$(TARGET_NAME)";
				SWIFT_EMIT_LOC_STRINGS = NO;
				SWIFT_VERSION = 5.0;
				TARGETED_DEVICE_FAMILY = "1,2";
				TEST_HOST = "$(BUILT_PRODUCTS_DIR)/Landmarks.app/Landmarks";
			};
			name = Debug;
		};
		DFF42807278CBC3D00D580E0 /* Release */ = {
			isa = XCBuildConfiguration;
			buildSettings = {
				ALWAYS_EMBED_SWIFT_STANDARD_LIBRARIES = YES;
				BUNDLE_LOADER = "$(TEST_HOST)";
				CODE_SIGN_STYLE = Automatic;
				CURRENT_PROJECT_VERSION = 1;
				DEVELOPMENT_TEAM = 3H9LYTUKJE;
				GENERATE_INFOPLIST_FILE = YES;
				IPHONEOS_DEPLOYMENT_TARGET = 15.2;
				MARKETING_VERSION = 1.0;
				PRODUCT_BUNDLE_IDENTIFIER = de.sportfloh.LandmarksTests;
				PRODUCT_NAME = "$(TARGET_NAME)";
				SWIFT_EMIT_LOC_STRINGS = NO;
				SWIFT_VERSION = 5.0;
				TARGETED_DEVICE_FAMILY = "1,2";
				TEST_HOST = "$(BUILT_PRODUCTS_DIR)/Landmarks.app/Landmarks";
			};
			name = Release;
		};
		DFF42809278CBC3D00D580E0 /* Debug */ = {
			isa = XCBuildConfiguration;
			buildSettings = {
				ALWAYS_EMBED_SWIFT_STANDARD_LIBRARIES = YES;
				CODE_SIGN_STYLE = Automatic;
				CURRENT_PROJECT_VERSION = 1;
				DEVELOPMENT_TEAM = 3H9LYTUKJE;
				GENERATE_INFOPLIST_FILE = YES;
				MARKETING_VERSION = 1.0;
				PRODUCT_BUNDLE_IDENTIFIER = de.sportfloh.LandmarksUITests;
				PRODUCT_NAME = "$(TARGET_NAME)";
				SWIFT_EMIT_LOC_STRINGS = NO;
				SWIFT_VERSION = 5.0;
				TARGETED_DEVICE_FAMILY = "1,2";
				TEST_TARGET_NAME = Landmarks;
			};
			name = Debug;
		};
		DFF4280A278CBC3D00D580E0 /* Release */ = {
			isa = XCBuildConfiguration;
			buildSettings = {
				ALWAYS_EMBED_SWIFT_STANDARD_LIBRARIES = YES;
				CODE_SIGN_STYLE = Automatic;
				CURRENT_PROJECT_VERSION = 1;
				DEVELOPMENT_TEAM = 3H9LYTUKJE;
				GENERATE_INFOPLIST_FILE = YES;
				MARKETING_VERSION = 1.0;
				PRODUCT_BUNDLE_IDENTIFIER = de.sportfloh.LandmarksUITests;
				PRODUCT_NAME = "$(TARGET_NAME)";
				SWIFT_EMIT_LOC_STRINGS = NO;
				SWIFT_VERSION = 5.0;
				TARGETED_DEVICE_FAMILY = "1,2";
				TEST_TARGET_NAME = Landmarks;
			};
			name = Release;
		};
/* End XCBuildConfiguration section */

/* Begin XCConfigurationList section */
		DF255E04279ED9F4003B0293 /* Build configuration list for PBXNativeTarget "MacLandmarks" */ = {
			isa = XCConfigurationList;
			buildConfigurations = (
				DF255E05279ED9F4003B0293 /* Debug */,
				DF255E06279ED9F4003B0293 /* Release */,
			);
			defaultConfigurationIsVisible = 0;
			defaultConfigurationName = Release;
		};
		DF255E07279ED9F4003B0293 /* Build configuration list for PBXNativeTarget "MacLandmarksTests" */ = {
			isa = XCConfigurationList;
			buildConfigurations = (
				DF255E08279ED9F4003B0293 /* Debug */,
				DF255E09279ED9F4003B0293 /* Release */,
			);
			defaultConfigurationIsVisible = 0;
			defaultConfigurationName = Release;
		};
		DF255E0A279ED9F4003B0293 /* Build configuration list for PBXNativeTarget "MacLandmarksUITests" */ = {
			isa = XCConfigurationList;
			buildConfigurations = (
				DF255E0B279ED9F4003B0293 /* Debug */,
				DF255E0C279ED9F4003B0293 /* Release */,
			);
			defaultConfigurationIsVisible = 0;
			defaultConfigurationName = Release;
		};
		DF48DA41279DCF69000A310C /* Build configuration list for PBXNativeTarget "WatchLandmarks WatchKit Extension" */ = {
			isa = XCConfigurationList;
			buildConfigurations = (
				DF48DA42279DCF69000A310C /* Debug */,
				DF48DA43279DCF69000A310C /* Release */,
			);
			defaultConfigurationIsVisible = 0;
			defaultConfigurationName = Release;
		};
		DF48DA45279DCF69000A310C /* Build configuration list for PBXNativeTarget "WatchLandmarks" */ = {
			isa = XCConfigurationList;
			buildConfigurations = (
				DF48DA46279DCF69000A310C /* Debug */,
				DF48DA47279DCF69000A310C /* Release */,
			);
			defaultConfigurationIsVisible = 0;
			defaultConfigurationName = Release;
		};
		DF48DA49279DCF69000A310C /* Build configuration list for PBXNativeTarget "WatchLandmarksTests" */ = {
			isa = XCConfigurationList;
			buildConfigurations = (
				DF48DA4A279DCF69000A310C /* Debug */,
				DF48DA4B279DCF69000A310C /* Release */,
			);
			defaultConfigurationIsVisible = 0;
			defaultConfigurationName = Release;
		};
		DF48DA4C279DCF69000A310C /* Build configuration list for PBXNativeTarget "WatchLandmarksUITests" */ = {
			isa = XCConfigurationList;
			buildConfigurations = (
				DF48DA4D279DCF69000A310C /* Debug */,
				DF48DA4E279DCF69000A310C /* Release */,
			);
			defaultConfigurationIsVisible = 0;
			defaultConfigurationName = Release;
		};
		DFF427D9278CBC3B00D580E0 /* Build configuration list for PBXProject "Landmarks" */ = {
			isa = XCConfigurationList;
			buildConfigurations = (
				DFF42800278CBC3D00D580E0 /* Debug */,
				DFF42801278CBC3D00D580E0 /* Release */,
			);
			defaultConfigurationIsVisible = 0;
			defaultConfigurationName = Release;
		};
		DFF42802278CBC3D00D580E0 /* Build configuration list for PBXNativeTarget "Landmarks" */ = {
			isa = XCConfigurationList;
			buildConfigurations = (
				DFF42803278CBC3D00D580E0 /* Debug */,
				DFF42804278CBC3D00D580E0 /* Release */,
			);
			defaultConfigurationIsVisible = 0;
			defaultConfigurationName = Release;
		};
		DFF42805278CBC3D00D580E0 /* Build configuration list for PBXNativeTarget "LandmarksTests" */ = {
			isa = XCConfigurationList;
			buildConfigurations = (
				DFF42806278CBC3D00D580E0 /* Debug */,
				DFF42807278CBC3D00D580E0 /* Release */,
			);
			defaultConfigurationIsVisible = 0;
			defaultConfigurationName = Release;
		};
		DFF42808278CBC3D00D580E0 /* Build configuration list for PBXNativeTarget "LandmarksUITests" */ = {
			isa = XCConfigurationList;
			buildConfigurations = (
				DFF42809278CBC3D00D580E0 /* Debug */,
				DFF4280A278CBC3D00D580E0 /* Release */,
			);
			defaultConfigurationIsVisible = 0;
			defaultConfigurationName = Release;
		};
/* End XCConfigurationList section */
	};
	rootObject = DFF427D6278CBC3B00D580E0 /* Project object */;
}
